// !$*UTF8*$!
{
	archiveVersion = 1;
	classes = {
	};
	objectVersion = 55;
	objects = {

/* Begin PBXBuildFile section */
		1208F3B0285E128D001908D8 /* TransactionInteractor.swift in Sources */ = {isa = PBXBuildFile; fileRef = 1208F3AF285E128D001908D8 /* TransactionInteractor.swift */; };
		1208F3B2285E12AC001908D8 /* CurrencyInteractor.swift in Sources */ = {isa = PBXBuildFile; fileRef = 1208F3B1285E12AC001908D8 /* CurrencyInteractor.swift */; };
		1208F3B5285E155A001908D8 /* BalanceStorage.swift in Sources */ = {isa = PBXBuildFile; fileRef = 1208F3B4285E155A001908D8 /* BalanceStorage.swift */; };
		1208F3B7285E1574001908D8 /* CurrencyStorage.swift in Sources */ = {isa = PBXBuildFile; fileRef = 1208F3B6285E1574001908D8 /* CurrencyStorage.swift */; };
		1208F3B9285E158F001908D8 /* TransactionStorage.swift in Sources */ = {isa = PBXBuildFile; fileRef = 1208F3B8285E158F001908D8 /* TransactionStorage.swift */; };
		1208F3BB285E1651001908D8 /* DataSyncInteractor.swift in Sources */ = {isa = PBXBuildFile; fileRef = 1208F3BA285E1651001908D8 /* DataSyncInteractor.swift */; };
		1208F3BD285E2073001908D8 /* CoreDataMappable.swift in Sources */ = {isa = PBXBuildFile; fileRef = 1208F3BC285E2073001908D8 /* CoreDataMappable.swift */; };
		1208F3C0285E2C25001908D8 /* StoragesProtocols.swift in Sources */ = {isa = PBXBuildFile; fileRef = 1208F3BF285E2C25001908D8 /* StoragesProtocols.swift */; };
		1208F3C2285E516B001908D8 /* UIKit + Extensions.swift in Sources */ = {isa = PBXBuildFile; fileRef = 1208F3C1285E516B001908D8 /* UIKit + Extensions.swift */; };
		12482D7C27F5F14E00D292CA /* AppDelegate.swift in Sources */ = {isa = PBXBuildFile; fileRef = 12482D7B27F5F14E00D292CA /* AppDelegate.swift */; };
		12482D7E27F5F14E00D292CA /* SceneDelegate.swift in Sources */ = {isa = PBXBuildFile; fileRef = 12482D7D27F5F14E00D292CA /* SceneDelegate.swift */; };
		12482D8027F5F14E00D292CA /* StartBalanceScreenVC.swift in Sources */ = {isa = PBXBuildFile; fileRef = 12482D7F27F5F14E00D292CA /* StartBalanceScreenVC.swift */; };
		12482D8627F5F14E00D292CA /* Wallety.xcdatamodeld in Sources */ = {isa = PBXBuildFile; fileRef = 12482D8427F5F14E00D292CA /* Wallety.xcdatamodeld */; };
		12482D8827F5F14F00D292CA /* Assets.xcassets in Resources */ = {isa = PBXBuildFile; fileRef = 12482D8727F5F14F00D292CA /* Assets.xcassets */; };
		12482D8B27F5F14F00D292CA /* LaunchScreen.storyboard in Resources */ = {isa = PBXBuildFile; fileRef = 12482D8927F5F14F00D292CA /* LaunchScreen.storyboard */; };
		12482D9427F5F62200D292CA /* SplashScreenVC.swift in Sources */ = {isa = PBXBuildFile; fileRef = 12482D9327F5F62200D292CA /* SplashScreenVC.swift */; };
		12482D9A27F5FBFE00D292CA /* StartBalanceView.swift in Sources */ = {isa = PBXBuildFile; fileRef = 12482D9927F5FBFE00D292CA /* StartBalanceView.swift */; };
		12482D9D27F5FC2F00D292CA /* RatesService.swift in Sources */ = {isa = PBXBuildFile; fileRef = 12482D9C27F5FC2F00D292CA /* RatesService.swift */; };
		12482DA027F5FC5500D292CA /* BalanceInteractor.swift in Sources */ = {isa = PBXBuildFile; fileRef = 12482D9F27F5FC5500D292CA /* BalanceInteractor.swift */; };
		12482DA327F5FC9C00D292CA /* Images.xcassets in Resources */ = {isa = PBXBuildFile; fileRef = 12482DA227F5FC9C00D292CA /* Images.xcassets */; };
		12482DA527F5FCAF00D292CA /* Colors.xcassets in Resources */ = {isa = PBXBuildFile; fileRef = 12482DA427F5FCAF00D292CA /* Colors.xcassets */; };
		12507DC328591EBF009C38DC /* Roboto-Bold.ttf in Resources */ = {isa = PBXBuildFile; fileRef = 12507DC228591EBF009C38DC /* Roboto-Bold.ttf */; };
		12507DC528591EFC009C38DC /* Roboto-Light.ttf in Resources */ = {isa = PBXBuildFile; fileRef = 12507DC428591EFC009C38DC /* Roboto-Light.ttf */; };
		12507DC728591F06009C38DC /* Roboto-Medium.ttf in Resources */ = {isa = PBXBuildFile; fileRef = 12507DC628591F06009C38DC /* Roboto-Medium.ttf */; };
		12507DC928591F12009C38DC /* Roboto-Regular.ttf in Resources */ = {isa = PBXBuildFile; fileRef = 12507DC828591F12009C38DC /* Roboto-Regular.ttf */; };
		12507DCD285927FC009C38DC /* Transaction.swift in Sources */ = {isa = PBXBuildFile; fileRef = 12507DCB285927FC009C38DC /* Transaction.swift */; };
		12507DD1285928DC009C38DC /* TransactionCDRepository.swift in Sources */ = {isa = PBXBuildFile; fileRef = 12507DD0285928DC009C38DC /* TransactionCDRepository.swift */; };
		12507DD328592987009C38DC /* TransactionModel.swift in Sources */ = {isa = PBXBuildFile; fileRef = 12507DD228592987009C38DC /* TransactionModel.swift */; };
		12507DD728592AD2009C38DC /* TransactionType.swift in Sources */ = {isa = PBXBuildFile; fileRef = 12507DD628592AD2009C38DC /* TransactionType.swift */; };
		1255FC3B27F6683A002029DE /* Navigator.swift in Sources */ = {isa = PBXBuildFile; fileRef = 1255FC3A27F6683A002029DE /* Navigator.swift */; };
		1255FC3E27F66AF6002029DE /* Destination.swift in Sources */ = {isa = PBXBuildFile; fileRef = 1255FC3D27F66AF6002029DE /* Destination.swift */; };
		1255FC4127F67013002029DE /* RouterFactory.swift in Sources */ = {isa = PBXBuildFile; fileRef = 1255FC4027F67013002029DE /* RouterFactory.swift */; };
		1255FC4327F67102002029DE /* Router.swift in Sources */ = {isa = PBXBuildFile; fileRef = 1255FC4227F67102002029DE /* Router.swift */; };
		1255FC4527F671C1002029DE /* MainScreenVC.swift in Sources */ = {isa = PBXBuildFile; fileRef = 1255FC4427F671C1002029DE /* MainScreenVC.swift */; };
		1255FC4827F67AE0002029DE /* SplashScreenView.swift in Sources */ = {isa = PBXBuildFile; fileRef = 1255FC4727F67AE0002029DE /* SplashScreenView.swift */; };
		1259748B28417986001F1056 /* Dates.swift in Sources */ = {isa = PBXBuildFile; fileRef = 1259748A28417986001F1056 /* Dates.swift */; };
		1259749028427721001F1056 /* UserDefaultsService.swift in Sources */ = {isa = PBXBuildFile; fileRef = 1259748F28427721001F1056 /* UserDefaultsService.swift */; };
		1259749228427B8D001F1056 /* UserDefaultsKeys.swift in Sources */ = {isa = PBXBuildFile; fileRef = 1259749128427B8D001F1056 /* UserDefaultsKeys.swift */; };
		1259749428427C48001F1056 /* SplashScreenVM.swift in Sources */ = {isa = PBXBuildFile; fileRef = 1259749328427C48001F1056 /* SplashScreenVM.swift */; };
		125974972843F61B001F1056 /* NoDataEmptyView.swift in Sources */ = {isa = PBXBuildFile; fileRef = 125974962843F61B001F1056 /* NoDataEmptyView.swift */; };
		125DA0DC286D18710044BEA5 /* NavigationParams.swift in Sources */ = {isa = PBXBuildFile; fileRef = 125DA0DB286D18710044BEA5 /* NavigationParams.swift */; };
		127EDAE62870F104006ABE00 /* CategoriesScreenVM.swift in Sources */ = {isa = PBXBuildFile; fileRef = 127EDAE52870F104006ABE00 /* CategoriesScreenVM.swift */; };
		1294BF7D284B8677004AFE0D /* StartCurrencyScreenVM.swift in Sources */ = {isa = PBXBuildFile; fileRef = 1294BF7C284B8677004AFE0D /* StartCurrencyScreenVM.swift */; };
		12B468F1284B8F3D0023E2D2 /* CoreDataProtocol.swift in Sources */ = {isa = PBXBuildFile; fileRef = 12B468F0284B8F3D0023E2D2 /* CoreDataProtocol.swift */; };
		12B4CACA283EA4F700D775B2 /* Localizable.strings in Resources */ = {isa = PBXBuildFile; fileRef = 12B4CACC283EA4F700D775B2 /* Localizable.strings */; };
		12B4CACF283EA53400D775B2 /* Localizable.strings in Resources */ = {isa = PBXBuildFile; fileRef = 12B4CAD1283EA53400D775B2 /* Localizable.strings */; };
		12B82E26284BE46300C54747 /* HapticHandler.swift in Sources */ = {isa = PBXBuildFile; fileRef = 12B82E25284BE46300C54747 /* HapticHandler.swift */; };
		12B82E29284BF9DD00C54747 /* RatesRequestDTO.swift in Sources */ = {isa = PBXBuildFile; fileRef = 12B82E28284BF9DD00C54747 /* RatesRequestDTO.swift */; };
		12B82E2B284C01D600C54747 /* RatesResponseDTO.swift in Sources */ = {isa = PBXBuildFile; fileRef = 12B82E2A284C01D600C54747 /* RatesResponseDTO.swift */; };
		12B86DC6280C1A940036FDD3 /* PopupFactory.swift in Sources */ = {isa = PBXBuildFile; fileRef = 12B86DC5280C1A940036FDD3 /* PopupFactory.swift */; };
		12B86DC8280C1D090036FDD3 /* StartCurrencyScreenVC.swift in Sources */ = {isa = PBXBuildFile; fileRef = 12B86DC7280C1D090036FDD3 /* StartCurrencyScreenVC.swift */; };
		12B86DCB280C1D700036FDD3 /* StartCurrencyView.swift in Sources */ = {isa = PBXBuildFile; fileRef = 12B86DCA280C1D700036FDD3 /* StartCurrencyView.swift */; };
		12B86DCD280C534E0036FDD3 /* SettingsScreenVM.swift in Sources */ = {isa = PBXBuildFile; fileRef = 12B86DCC280C534E0036FDD3 /* SettingsScreenVM.swift */; };
		12B86DCF280C53F40036FDD3 /* SettingVM.swift in Sources */ = {isa = PBXBuildFile; fileRef = 12B86DCE280C53F40036FDD3 /* SettingVM.swift */; };
		12B86DD1280C547D0036FDD3 /* SettingModel.swift in Sources */ = {isa = PBXBuildFile; fileRef = 12B86DD0280C547D0036FDD3 /* SettingModel.swift */; };
		12B86DD3280C74C00036FDD3 /* AboutScreenVC.swift in Sources */ = {isa = PBXBuildFile; fileRef = 12B86DD2280C74C00036FDD3 /* AboutScreenVC.swift */; };
		12B86DD5280C75320036FDD3 /* AboutScreenView.swift in Sources */ = {isa = PBXBuildFile; fileRef = 12B86DD4280C75320036FDD3 /* AboutScreenView.swift */; };
		12B86DD7280C81D50036FDD3 /* PrivacyPolicyVC.swift in Sources */ = {isa = PBXBuildFile; fileRef = 12B86DD6280C81D50036FDD3 /* PrivacyPolicyVC.swift */; };
		12B86DD9280C821D0036FDD3 /* PrivacyPolicyView.swift in Sources */ = {isa = PBXBuildFile; fileRef = 12B86DD8280C821D0036FDD3 /* PrivacyPolicyView.swift */; };
		12B90873285901180072CF52 /* SpaceGrotesk-Light.ttf in Resources */ = {isa = PBXBuildFile; fileRef = 12B9086E285901180072CF52 /* SpaceGrotesk-Light.ttf */; };
		12B90874285901180072CF52 /* SpaceGrotesk-Medium.ttf in Resources */ = {isa = PBXBuildFile; fileRef = 12B9086F285901180072CF52 /* SpaceGrotesk-Medium.ttf */; };
		12B90875285901180072CF52 /* SpaceGrotesk-Regular.ttf in Resources */ = {isa = PBXBuildFile; fileRef = 12B90870285901180072CF52 /* SpaceGrotesk-Regular.ttf */; };
		12B90876285901180072CF52 /* SpaceGrotesk-SemiBold.ttf in Resources */ = {isa = PBXBuildFile; fileRef = 12B90871285901180072CF52 /* SpaceGrotesk-SemiBold.ttf */; };
		12B90877285901180072CF52 /* SpaceGrotesk-Bold.ttf in Resources */ = {isa = PBXBuildFile; fileRef = 12B90872285901180072CF52 /* SpaceGrotesk-Bold.ttf */; };
		12B9088B285903C70072CF52 /* MontserratAlternates-ExtraBoldItalic.ttf in Resources */ = {isa = PBXBuildFile; fileRef = 12B90879285903C60072CF52 /* MontserratAlternates-ExtraBoldItalic.ttf */; };
		12B9088C285903C70072CF52 /* MontserratAlternates-ExtraLight.ttf in Resources */ = {isa = PBXBuildFile; fileRef = 12B9087A285903C60072CF52 /* MontserratAlternates-ExtraLight.ttf */; };
		12B9088D285903C70072CF52 /* MontserratAlternates-BlackItalic.ttf in Resources */ = {isa = PBXBuildFile; fileRef = 12B9087B285903C60072CF52 /* MontserratAlternates-BlackItalic.ttf */; };
		12B9088E285903C70072CF52 /* MontserratAlternates-Bold.ttf in Resources */ = {isa = PBXBuildFile; fileRef = 12B9087C285903C60072CF52 /* MontserratAlternates-Bold.ttf */; };
		12B9088F285903C70072CF52 /* MontserratAlternates-Black.ttf in Resources */ = {isa = PBXBuildFile; fileRef = 12B9087D285903C60072CF52 /* MontserratAlternates-Black.ttf */; };
		12B90890285903C70072CF52 /* MontserratAlternates-SemiBoldItalic.ttf in Resources */ = {isa = PBXBuildFile; fileRef = 12B9087E285903C60072CF52 /* MontserratAlternates-SemiBoldItalic.ttf */; };
		12B90891285903C70072CF52 /* MontserratAlternates-ThinItalic.ttf in Resources */ = {isa = PBXBuildFile; fileRef = 12B9087F285903C70072CF52 /* MontserratAlternates-ThinItalic.ttf */; };
		12B90892285903C70072CF52 /* MontserratAlternates-Regular.ttf in Resources */ = {isa = PBXBuildFile; fileRef = 12B90880285903C70072CF52 /* MontserratAlternates-Regular.ttf */; };
		12B90893285903C70072CF52 /* MontserratAlternates-BoldItalic.ttf in Resources */ = {isa = PBXBuildFile; fileRef = 12B90881285903C70072CF52 /* MontserratAlternates-BoldItalic.ttf */; };
		12B90894285903C70072CF52 /* MontserratAlternates-Light.ttf in Resources */ = {isa = PBXBuildFile; fileRef = 12B90882285903C70072CF52 /* MontserratAlternates-Light.ttf */; };
		12B90895285903C70072CF52 /* MontserratAlternates-MediumItalic.ttf in Resources */ = {isa = PBXBuildFile; fileRef = 12B90883285903C70072CF52 /* MontserratAlternates-MediumItalic.ttf */; };
		12B90896285903C70072CF52 /* MontserratAlternates-SemiBold.ttf in Resources */ = {isa = PBXBuildFile; fileRef = 12B90884285903C70072CF52 /* MontserratAlternates-SemiBold.ttf */; };
		12B90897285903C70072CF52 /* MontserratAlternates-LightItalic.ttf in Resources */ = {isa = PBXBuildFile; fileRef = 12B90885285903C70072CF52 /* MontserratAlternates-LightItalic.ttf */; };
		12B90898285903C70072CF52 /* MontserratAlternates-Medium.ttf in Resources */ = {isa = PBXBuildFile; fileRef = 12B90886285903C70072CF52 /* MontserratAlternates-Medium.ttf */; };
		12B90899285903C70072CF52 /* MontserratAlternates-Thin.ttf in Resources */ = {isa = PBXBuildFile; fileRef = 12B90887285903C70072CF52 /* MontserratAlternates-Thin.ttf */; };
		12B9089A285903C70072CF52 /* MontserratAlternates-ExtraLightItalic.ttf in Resources */ = {isa = PBXBuildFile; fileRef = 12B90888285903C70072CF52 /* MontserratAlternates-ExtraLightItalic.ttf */; };
		12B9089B285903C70072CF52 /* MontserratAlternates-Italic.ttf in Resources */ = {isa = PBXBuildFile; fileRef = 12B90889285903C70072CF52 /* MontserratAlternates-Italic.ttf */; };
		12B9089C285903C70072CF52 /* MontserratAlternates-ExtraBold.ttf in Resources */ = {isa = PBXBuildFile; fileRef = 12B9088A285903C70072CF52 /* MontserratAlternates-ExtraBold.ttf */; };
		12B9089E285905240072CF52 /* CustomFonts.swift in Sources */ = {isa = PBXBuildFile; fileRef = 12B9089D285905240072CF52 /* CustomFonts.swift */; };
		12B908A328590ECB0072CF52 /* RobotoSlab-Regular.ttf in Resources */ = {isa = PBXBuildFile; fileRef = 12B908A028590ECB0072CF52 /* RobotoSlab-Regular.ttf */; };
		12B908A428590ECB0072CF52 /* RobotoSlab-Light.ttf in Resources */ = {isa = PBXBuildFile; fileRef = 12B908A128590ECB0072CF52 /* RobotoSlab-Light.ttf */; };
		12B908A528590ECB0072CF52 /* RobotoSlab-Medium.ttf in Resources */ = {isa = PBXBuildFile; fileRef = 12B908A228590ECB0072CF52 /* RobotoSlab-Medium.ttf */; };
		12B908A728590EEA0072CF52 /* RobotoSlab-Bold.ttf in Resources */ = {isa = PBXBuildFile; fileRef = 12B908A628590EEA0072CF52 /* RobotoSlab-Bold.ttf */; };
		12C1167327FFFD3500D6B8C0 /* MainScreenView.swift in Sources */ = {isa = PBXBuildFile; fileRef = 12C1167227FFFD3500D6B8C0 /* MainScreenView.swift */; };
		12C1167527FFFED600D6B8C0 /* BalanceInfoView.swift in Sources */ = {isa = PBXBuildFile; fileRef = 12C1167427FFFED600D6B8C0 /* BalanceInfoView.swift */; };
		12C116782800018000D6B8C0 /* UILabel + Extensions.swift in Sources */ = {isa = PBXBuildFile; fileRef = 12C116772800018000D6B8C0 /* UILabel + Extensions.swift */; };
		12C1167B280019DD00D6B8C0 /* IncomeSpendingViewCell.swift in Sources */ = {isa = PBXBuildFile; fileRef = 12C1167A280019DD00D6B8C0 /* IncomeSpendingViewCell.swift */; };
		12C1167E28002AE900D6B8C0 /* MainScreenVM.swift in Sources */ = {isa = PBXBuildFile; fileRef = 12C1167D28002AE900D6B8C0 /* MainScreenVM.swift */; };
		12C116822800610C00D6B8C0 /* ProfileScreenVC.swift in Sources */ = {isa = PBXBuildFile; fileRef = 12C116812800610C00D6B8C0 /* ProfileScreenVC.swift */; };
		12C116842800614A00D6B8C0 /* StatisticScreenVC.swift in Sources */ = {isa = PBXBuildFile; fileRef = 12C116832800614A00D6B8C0 /* StatisticScreenVC.swift */; };
		12C116862800617700D6B8C0 /* SettingsScreenVC.swift in Sources */ = {isa = PBXBuildFile; fileRef = 12C116852800617700D6B8C0 /* SettingsScreenVC.swift */; };
		12C116892804286800D6B8C0 /* ProfileScreenView.swift in Sources */ = {isa = PBXBuildFile; fileRef = 12C116882804286800D6B8C0 /* ProfileScreenView.swift */; };
		12C1168B280439F500D6B8C0 /* ProfileScreenVM.swift in Sources */ = {isa = PBXBuildFile; fileRef = 12C1168A280439F500D6B8C0 /* ProfileScreenVM.swift */; };
		12C1169228043ABD00D6B8C0 /* ProfileModel.swift in Sources */ = {isa = PBXBuildFile; fileRef = 12C1169128043ABD00D6B8C0 /* ProfileModel.swift */; };
		12C1169428043B0E00D6B8C0 /* Account.swift in Sources */ = {isa = PBXBuildFile; fileRef = 12C1169328043B0E00D6B8C0 /* Account.swift */; };
		12C1169928056DE900D6B8C0 /* ImagePickerHandler.swift in Sources */ = {isa = PBXBuildFile; fileRef = 12C1169828056DE900D6B8C0 /* ImagePickerHandler.swift */; };
		12C1169C2805D53600D6B8C0 /* SettingsScreenView.swift in Sources */ = {isa = PBXBuildFile; fileRef = 12C1169B2805D53600D6B8C0 /* SettingsScreenView.swift */; };
		12C1169E2805E01200D6B8C0 /* SettingsViewCell.swift in Sources */ = {isa = PBXBuildFile; fileRef = 12C1169D2805E01200D6B8C0 /* SettingsViewCell.swift */; };
		12C116A02806AC2600D6B8C0 /* MainTabController.swift in Sources */ = {isa = PBXBuildFile; fileRef = 12C1169F2806AC2600D6B8C0 /* MainTabController.swift */; };
		12C116A22806FC2C00D6B8C0 /* PopupHandler.swift in Sources */ = {isa = PBXBuildFile; fileRef = 12C116A12806FC2C00D6B8C0 /* PopupHandler.swift */; };
		12C116A52806FF2F00D6B8C0 /* ChoicePopup.swift in Sources */ = {isa = PBXBuildFile; fileRef = 12C116A42806FF2F00D6B8C0 /* ChoicePopup.swift */; };
		12C2D98E28707B620063A85F /* TransactionCategory.swift in Sources */ = {isa = PBXBuildFile; fileRef = 12C2D98A28707B620063A85F /* TransactionCategory.swift */; };
		12C2D99328707E120063A85F /* TransactionCategoryModel.swift in Sources */ = {isa = PBXBuildFile; fileRef = 12C2D99228707E120063A85F /* TransactionCategoryModel.swift */; };
		12C2D99528707E270063A85F /* TransactionCategoryCDRepository.swift in Sources */ = {isa = PBXBuildFile; fileRef = 12C2D99428707E270063A85F /* TransactionCategoryCDRepository.swift */; };
		12C2D997287080E80063A85F /* TransactionCategoryStorage.swift in Sources */ = {isa = PBXBuildFile; fileRef = 12C2D996287080E80063A85F /* TransactionCategoryStorage.swift */; };
		12C2D9992870837A0063A85F /* TransactionCategoryInteractor.swift in Sources */ = {isa = PBXBuildFile; fileRef = 12C2D9982870837A0063A85F /* TransactionCategoryInteractor.swift */; };
		12C2D99B287086210063A85F /* Resetable.swift in Sources */ = {isa = PBXBuildFile; fileRef = 12C2D99A287086210063A85F /* Resetable.swift */; };
		12C2D99E287088F30063A85F /* DIFactory.swift in Sources */ = {isa = PBXBuildFile; fileRef = 12C2D99D287088F30063A85F /* DIFactory.swift */; };
		12C2D9A0287089800063A85F /* SJContainer.swift in Sources */ = {isa = PBXBuildFile; fileRef = 12C2D99F287089800063A85F /* SJContainer.swift */; };
		12C2D9A2287089A10063A85F /* ContainerProtocol.swift in Sources */ = {isa = PBXBuildFile; fileRef = 12C2D9A1287089A10063A85F /* ContainerProtocol.swift */; };
		12C2D9A62870BC950063A85F /* SJContainer + Interactors.swift in Sources */ = {isa = PBXBuildFile; fileRef = 12C2D9A52870BC950063A85F /* SJContainer + Interactors.swift */; };
		12C2D9A82870BD2C0063A85F /* SJContainer + Storages.swift in Sources */ = {isa = PBXBuildFile; fileRef = 12C2D9A72870BD2C0063A85F /* SJContainer + Storages.swift */; };
		12C2D9AA2870BD7B0063A85F /* SJContainer + Repositories.swift in Sources */ = {isa = PBXBuildFile; fileRef = 12C2D9A92870BD7B0063A85F /* SJContainer + Repositories.swift */; };
		12C2D9B02870CEB20063A85F /* TransactionsListVM.swift in Sources */ = {isa = PBXBuildFile; fileRef = 12C2D9AF2870CEB20063A85F /* TransactionsListVM.swift */; };
		12C2D9B22870ED900063A85F /* DefaultModelGenerator.swift in Sources */ = {isa = PBXBuildFile; fileRef = 12C2D9B12870ED900063A85F /* DefaultModelGenerator.swift */; };
		12C5E73D285E65E60010895D /* AddTransactionScreenVC.swift in Sources */ = {isa = PBXBuildFile; fileRef = 12C5E73C285E65E60010895D /* AddTransactionScreenVC.swift */; };
		12C5E740285E667F0010895D /* AddTransactionScreenView.swift in Sources */ = {isa = PBXBuildFile; fileRef = 12C5E73F285E667F0010895D /* AddTransactionScreenView.swift */; };
		12DAA532284FD1330093F9FD /* BalanceValidator.swift in Sources */ = {isa = PBXBuildFile; fileRef = 12DAA531284FD1330093F9FD /* BalanceValidator.swift */; };
		12DAA534284FD27E0093F9FD /* BalanceValidationParams.swift in Sources */ = {isa = PBXBuildFile; fileRef = 12DAA533284FD27E0093F9FD /* BalanceValidationParams.swift */; };
		12DAA536284FEB7C0093F9FD /* Double + Extensions.swift in Sources */ = {isa = PBXBuildFile; fileRef = 12DAA535284FEB7C0093F9FD /* Double + Extensions.swift */; };
		12DAA539284FF39F0093F9FD /* Currency.swift in Sources */ = {isa = PBXBuildFile; fileRef = 12DAA538284FF39F0093F9FD /* Currency.swift */; };
		12DAA53C284FF4670093F9FD /* CurrencyCDRepository.swift in Sources */ = {isa = PBXBuildFile; fileRef = 12DAA53B284FF4670093F9FD /* CurrencyCDRepository.swift */; };
		12DAA53E284FF4DE0093F9FD /* CurrencyModel.swift in Sources */ = {isa = PBXBuildFile; fileRef = 12DAA53D284FF4DE0093F9FD /* CurrencyModel.swift */; };
		12E3F952280EFF6A003CBF9F /* NotificationScreenVC.swift in Sources */ = {isa = PBXBuildFile; fileRef = 12E3F951280EFF6A003CBF9F /* NotificationScreenVC.swift */; };
		12E3F954280EFF9B003CBF9F /* NotificationScreenView.swift in Sources */ = {isa = PBXBuildFile; fileRef = 12E3F953280EFF9B003CBF9F /* NotificationScreenView.swift */; };
		12E3F956280F0CAE003CBF9F /* NotificationViewCell.swift in Sources */ = {isa = PBXBuildFile; fileRef = 12E3F955280F0CAE003CBF9F /* NotificationViewCell.swift */; };
		12E3F958280F1C74003CBF9F /* States.swift in Sources */ = {isa = PBXBuildFile; fileRef = 12E3F957280F1C74003CBF9F /* States.swift */; };
		12E3F95A28102B24003CBF9F /* CategoriesScreenVC.swift in Sources */ = {isa = PBXBuildFile; fileRef = 12E3F95928102B24003CBF9F /* CategoriesScreenVC.swift */; };
		12E3F95C28102B7A003CBF9F /* CategoriesScreenView.swift in Sources */ = {isa = PBXBuildFile; fileRef = 12E3F95B28102B7A003CBF9F /* CategoriesScreenView.swift */; };
		12E3F960281035B7003CBF9F /* TitleViewCell.swift in Sources */ = {isa = PBXBuildFile; fileRef = 12E3F95F281035B7003CBF9F /* TitleViewCell.swift */; };
		12E3F963281057ED003CBF9F /* LeftAlignedCollectionViewFlowLayout.swift in Sources */ = {isa = PBXBuildFile; fileRef = 12E3F962281057ED003CBF9F /* LeftAlignedCollectionViewFlowLayout.swift */; };
		12E3F96628109F36003CBF9F /* StatisticScreenView.swift in Sources */ = {isa = PBXBuildFile; fileRef = 12E3F96528109F36003CBF9F /* StatisticScreenView.swift */; };
		12E4D9B9284B95C300CF6FC9 /* Balance.swift in Sources */ = {isa = PBXBuildFile; fileRef = 12E4D9B8284B95C300CF6FC9 /* Balance.swift */; };
		12E4D9BC284B9F9200CF6FC9 /* BalanceCDRepository.swift in Sources */ = {isa = PBXBuildFile; fileRef = 12E4D9BB284B9F9200CF6FC9 /* BalanceCDRepository.swift */; };
		12E4D9BE284BA3C100CF6FC9 /* NSMappingModel.swift in Sources */ = {isa = PBXBuildFile; fileRef = 12E4D9BD284BA3C100CF6FC9 /* NSMappingModel.swift */; };
		12E4D9C0284BA44B00CF6FC9 /* BalanceModel.swift in Sources */ = {isa = PBXBuildFile; fileRef = 12E4D9BF284BA44B00CF6FC9 /* BalanceModel.swift */; };
		12E4D9C3284BAD9D00CF6FC9 /* StaticResources.swift in Sources */ = {isa = PBXBuildFile; fileRef = 12E4D9C2284BAD9D00CF6FC9 /* StaticResources.swift */; };
		12E4D9C5284BB01900CF6FC9 /* BalanceVM.swift in Sources */ = {isa = PBXBuildFile; fileRef = 12E4D9C4284BB01900CF6FC9 /* BalanceVM.swift */; };
		12F15506285E85B800F87D9B /* AddTransactionVM.swift in Sources */ = {isa = PBXBuildFile; fileRef = 12F15505285E85B800F87D9B /* AddTransactionVM.swift */; };
		12F15508285E91C400F87D9B /* String + Extensions.swift in Sources */ = {isa = PBXBuildFile; fileRef = 12F15507285E91C400F87D9B /* String + Extensions.swift */; };
		12F1D6E027F60B4B0003B10C /* R.generated.swift in Sources */ = {isa = PBXBuildFile; fileRef = 12F1D6DF27F60B4B0003B10C /* R.generated.swift */; };
		12F1D6E327F61A6C0003B10C /* WTextField.swift in Sources */ = {isa = PBXBuildFile; fileRef = 12F1D6E227F61A6C0003B10C /* WTextField.swift */; };
		12F1D6E627F62B670003B10C /* StartBalanceVM.swift in Sources */ = {isa = PBXBuildFile; fileRef = 12F1D6E527F62B670003B10C /* StartBalanceVM.swift */; };
		12F1D6E827F62EBE0003B10C /* WButton.swift in Sources */ = {isa = PBXBuildFile; fileRef = 12F1D6E727F62EBE0003B10C /* WButton.swift */; };
		12FAEA78280ED8F9007450C7 /* privacy-policy.txt in Resources */ = {isa = PBXBuildFile; fileRef = 12FAEA77280ED8F9007450C7 /* privacy-policy.txt */; };
		12FAEA7A280ED93D007450C7 /* ContentLoader.swift in Sources */ = {isa = PBXBuildFile; fileRef = 12FAEA79280ED93D007450C7 /* ContentLoader.swift */; };
		B8B8CDC8A9A6735023332E72 /* Pods_Wallety.framework in Frameworks */ = {isa = PBXBuildFile; fileRef = 04C81E6607564A6C96BA94D9 /* Pods_Wallety.framework */; };
/* End PBXBuildFile section */

/* Begin PBXFileReference section */
		04C81E6607564A6C96BA94D9 /* Pods_Wallety.framework */ = {isa = PBXFileReference; explicitFileType = wrapper.framework; includeInIndex = 0; path = Pods_Wallety.framework; sourceTree = BUILT_PRODUCTS_DIR; };
		1208F3AF285E128D001908D8 /* TransactionInteractor.swift */ = {isa = PBXFileReference; lastKnownFileType = sourcecode.swift; path = TransactionInteractor.swift; sourceTree = "<group>"; };
		1208F3B1285E12AC001908D8 /* CurrencyInteractor.swift */ = {isa = PBXFileReference; lastKnownFileType = sourcecode.swift; path = CurrencyInteractor.swift; sourceTree = "<group>"; };
		1208F3B4285E155A001908D8 /* BalanceStorage.swift */ = {isa = PBXFileReference; lastKnownFileType = sourcecode.swift; path = BalanceStorage.swift; sourceTree = "<group>"; };
		1208F3B6285E1574001908D8 /* CurrencyStorage.swift */ = {isa = PBXFileReference; lastKnownFileType = sourcecode.swift; path = CurrencyStorage.swift; sourceTree = "<group>"; };
		1208F3B8285E158F001908D8 /* TransactionStorage.swift */ = {isa = PBXFileReference; lastKnownFileType = sourcecode.swift; path = TransactionStorage.swift; sourceTree = "<group>"; };
		1208F3BA285E1651001908D8 /* DataSyncInteractor.swift */ = {isa = PBXFileReference; lastKnownFileType = sourcecode.swift; path = DataSyncInteractor.swift; sourceTree = "<group>"; };
		1208F3BC285E2073001908D8 /* CoreDataMappable.swift */ = {isa = PBXFileReference; lastKnownFileType = sourcecode.swift; path = CoreDataMappable.swift; sourceTree = "<group>"; };
		1208F3BF285E2C25001908D8 /* StoragesProtocols.swift */ = {isa = PBXFileReference; lastKnownFileType = sourcecode.swift; path = StoragesProtocols.swift; sourceTree = "<group>"; };
		1208F3C1285E516B001908D8 /* UIKit + Extensions.swift */ = {isa = PBXFileReference; lastKnownFileType = sourcecode.swift; path = "UIKit + Extensions.swift"; sourceTree = "<group>"; };
		12482D7827F5F14E00D292CA /* Wallety.app */ = {isa = PBXFileReference; explicitFileType = wrapper.application; includeInIndex = 0; path = Wallety.app; sourceTree = BUILT_PRODUCTS_DIR; };
		12482D7B27F5F14E00D292CA /* AppDelegate.swift */ = {isa = PBXFileReference; lastKnownFileType = sourcecode.swift; path = AppDelegate.swift; sourceTree = "<group>"; };
		12482D7D27F5F14E00D292CA /* SceneDelegate.swift */ = {isa = PBXFileReference; lastKnownFileType = sourcecode.swift; path = SceneDelegate.swift; sourceTree = "<group>"; };
		12482D7F27F5F14E00D292CA /* StartBalanceScreenVC.swift */ = {isa = PBXFileReference; lastKnownFileType = sourcecode.swift; path = StartBalanceScreenVC.swift; sourceTree = "<group>"; };
		12482D8527F5F14E00D292CA /* Wallety.xcdatamodel */ = {isa = PBXFileReference; lastKnownFileType = wrapper.xcdatamodel; path = Wallety.xcdatamodel; sourceTree = "<group>"; };
		12482D8727F5F14F00D292CA /* Assets.xcassets */ = {isa = PBXFileReference; lastKnownFileType = folder.assetcatalog; path = Assets.xcassets; sourceTree = "<group>"; };
		12482D8A27F5F14F00D292CA /* Base */ = {isa = PBXFileReference; lastKnownFileType = file.storyboard; name = Base; path = Base.lproj/LaunchScreen.storyboard; sourceTree = "<group>"; };
		12482D8C27F5F14F00D292CA /* Info.plist */ = {isa = PBXFileReference; lastKnownFileType = text.plist.xml; path = Info.plist; sourceTree = "<group>"; };
		12482D9327F5F62200D292CA /* SplashScreenVC.swift */ = {isa = PBXFileReference; lastKnownFileType = sourcecode.swift; path = SplashScreenVC.swift; sourceTree = "<group>"; };
		12482D9927F5FBFE00D292CA /* StartBalanceView.swift */ = {isa = PBXFileReference; lastKnownFileType = sourcecode.swift; path = StartBalanceView.swift; sourceTree = "<group>"; };
		12482D9C27F5FC2F00D292CA /* RatesService.swift */ = {isa = PBXFileReference; lastKnownFileType = sourcecode.swift; path = RatesService.swift; sourceTree = "<group>"; };
		12482D9F27F5FC5500D292CA /* BalanceInteractor.swift */ = {isa = PBXFileReference; lastKnownFileType = sourcecode.swift; path = BalanceInteractor.swift; sourceTree = "<group>"; };
		12482DA227F5FC9C00D292CA /* Images.xcassets */ = {isa = PBXFileReference; lastKnownFileType = folder.assetcatalog; path = Images.xcassets; sourceTree = "<group>"; };
		12482DA427F5FCAF00D292CA /* Colors.xcassets */ = {isa = PBXFileReference; lastKnownFileType = folder.assetcatalog; path = Colors.xcassets; sourceTree = "<group>"; };
		12507DC228591EBF009C38DC /* Roboto-Bold.ttf */ = {isa = PBXFileReference; lastKnownFileType = file; path = "Roboto-Bold.ttf"; sourceTree = "<group>"; };
		12507DC428591EFC009C38DC /* Roboto-Light.ttf */ = {isa = PBXFileReference; lastKnownFileType = file; path = "Roboto-Light.ttf"; sourceTree = "<group>"; };
		12507DC628591F06009C38DC /* Roboto-Medium.ttf */ = {isa = PBXFileReference; lastKnownFileType = file; path = "Roboto-Medium.ttf"; sourceTree = "<group>"; };
		12507DC828591F12009C38DC /* Roboto-Regular.ttf */ = {isa = PBXFileReference; lastKnownFileType = file; path = "Roboto-Regular.ttf"; sourceTree = "<group>"; };
		12507DCB285927FC009C38DC /* Transaction.swift */ = {isa = PBXFileReference; lastKnownFileType = sourcecode.swift; path = Transaction.swift; sourceTree = "<group>"; };
		12507DD0285928DC009C38DC /* TransactionCDRepository.swift */ = {isa = PBXFileReference; lastKnownFileType = sourcecode.swift; path = TransactionCDRepository.swift; sourceTree = "<group>"; };
		12507DD228592987009C38DC /* TransactionModel.swift */ = {isa = PBXFileReference; lastKnownFileType = sourcecode.swift; path = TransactionModel.swift; sourceTree = "<group>"; };
		12507DD628592AD2009C38DC /* TransactionType.swift */ = {isa = PBXFileReference; lastKnownFileType = sourcecode.swift; path = TransactionType.swift; sourceTree = "<group>"; };
		1255FC3A27F6683A002029DE /* Navigator.swift */ = {isa = PBXFileReference; lastKnownFileType = sourcecode.swift; path = Navigator.swift; sourceTree = "<group>"; };
		1255FC3D27F66AF6002029DE /* Destination.swift */ = {isa = PBXFileReference; lastKnownFileType = sourcecode.swift; path = Destination.swift; sourceTree = "<group>"; };
		1255FC4027F67013002029DE /* RouterFactory.swift */ = {isa = PBXFileReference; lastKnownFileType = sourcecode.swift; path = RouterFactory.swift; sourceTree = "<group>"; };
		1255FC4227F67102002029DE /* Router.swift */ = {isa = PBXFileReference; lastKnownFileType = sourcecode.swift; path = Router.swift; sourceTree = "<group>"; };
		1255FC4427F671C1002029DE /* MainScreenVC.swift */ = {isa = PBXFileReference; lastKnownFileType = sourcecode.swift; path = MainScreenVC.swift; sourceTree = "<group>"; };
		1255FC4727F67AE0002029DE /* SplashScreenView.swift */ = {isa = PBXFileReference; lastKnownFileType = sourcecode.swift; path = SplashScreenView.swift; sourceTree = "<group>"; };
		1259748A28417986001F1056 /* Dates.swift */ = {isa = PBXFileReference; lastKnownFileType = sourcecode.swift; path = Dates.swift; sourceTree = "<group>"; };
		1259748F28427721001F1056 /* UserDefaultsService.swift */ = {isa = PBXFileReference; lastKnownFileType = sourcecode.swift; path = UserDefaultsService.swift; sourceTree = "<group>"; };
		1259749128427B8D001F1056 /* UserDefaultsKeys.swift */ = {isa = PBXFileReference; lastKnownFileType = sourcecode.swift; path = UserDefaultsKeys.swift; sourceTree = "<group>"; };
		1259749328427C48001F1056 /* SplashScreenVM.swift */ = {isa = PBXFileReference; lastKnownFileType = sourcecode.swift; path = SplashScreenVM.swift; sourceTree = "<group>"; };
		125974962843F61B001F1056 /* NoDataEmptyView.swift */ = {isa = PBXFileReference; lastKnownFileType = sourcecode.swift; path = NoDataEmptyView.swift; sourceTree = "<group>"; };
		125DA0DB286D18710044BEA5 /* NavigationParams.swift */ = {isa = PBXFileReference; lastKnownFileType = sourcecode.swift; path = NavigationParams.swift; sourceTree = "<group>"; };
		127EDAE52870F104006ABE00 /* CategoriesScreenVM.swift */ = {isa = PBXFileReference; lastKnownFileType = sourcecode.swift; path = CategoriesScreenVM.swift; sourceTree = "<group>"; };
		1294BF7C284B8677004AFE0D /* StartCurrencyScreenVM.swift */ = {isa = PBXFileReference; lastKnownFileType = sourcecode.swift; path = StartCurrencyScreenVM.swift; sourceTree = "<group>"; };
		12B468F0284B8F3D0023E2D2 /* CoreDataProtocol.swift */ = {isa = PBXFileReference; lastKnownFileType = sourcecode.swift; path = CoreDataProtocol.swift; sourceTree = "<group>"; };
		12B4CACB283EA4F700D775B2 /* en */ = {isa = PBXFileReference; lastKnownFileType = text.plist.strings; name = en; path = en.lproj/Localizable.strings; sourceTree = "<group>"; };
		12B4CAD0283EA53400D775B2 /* ru */ = {isa = PBXFileReference; lastKnownFileType = text.plist.strings; name = ru; path = ru.lproj/Localizable.strings; sourceTree = "<group>"; };
		12B82E25284BE46300C54747 /* HapticHandler.swift */ = {isa = PBXFileReference; lastKnownFileType = sourcecode.swift; path = HapticHandler.swift; sourceTree = "<group>"; };
		12B82E28284BF9DD00C54747 /* RatesRequestDTO.swift */ = {isa = PBXFileReference; lastKnownFileType = sourcecode.swift; path = RatesRequestDTO.swift; sourceTree = "<group>"; };
		12B82E2A284C01D600C54747 /* RatesResponseDTO.swift */ = {isa = PBXFileReference; lastKnownFileType = sourcecode.swift; path = RatesResponseDTO.swift; sourceTree = "<group>"; };
		12B86DC5280C1A940036FDD3 /* PopupFactory.swift */ = {isa = PBXFileReference; lastKnownFileType = sourcecode.swift; path = PopupFactory.swift; sourceTree = "<group>"; };
		12B86DC7280C1D090036FDD3 /* StartCurrencyScreenVC.swift */ = {isa = PBXFileReference; lastKnownFileType = sourcecode.swift; path = StartCurrencyScreenVC.swift; sourceTree = "<group>"; };
		12B86DCA280C1D700036FDD3 /* StartCurrencyView.swift */ = {isa = PBXFileReference; lastKnownFileType = sourcecode.swift; path = StartCurrencyView.swift; sourceTree = "<group>"; };
		12B86DCC280C534E0036FDD3 /* SettingsScreenVM.swift */ = {isa = PBXFileReference; lastKnownFileType = sourcecode.swift; path = SettingsScreenVM.swift; sourceTree = "<group>"; };
		12B86DCE280C53F40036FDD3 /* SettingVM.swift */ = {isa = PBXFileReference; lastKnownFileType = sourcecode.swift; path = SettingVM.swift; sourceTree = "<group>"; };
		12B86DD0280C547D0036FDD3 /* SettingModel.swift */ = {isa = PBXFileReference; lastKnownFileType = sourcecode.swift; path = SettingModel.swift; sourceTree = "<group>"; };
		12B86DD2280C74C00036FDD3 /* AboutScreenVC.swift */ = {isa = PBXFileReference; lastKnownFileType = sourcecode.swift; path = AboutScreenVC.swift; sourceTree = "<group>"; };
		12B86DD4280C75320036FDD3 /* AboutScreenView.swift */ = {isa = PBXFileReference; lastKnownFileType = sourcecode.swift; path = AboutScreenView.swift; sourceTree = "<group>"; };
		12B86DD6280C81D50036FDD3 /* PrivacyPolicyVC.swift */ = {isa = PBXFileReference; lastKnownFileType = sourcecode.swift; path = PrivacyPolicyVC.swift; sourceTree = "<group>"; };
		12B86DD8280C821D0036FDD3 /* PrivacyPolicyView.swift */ = {isa = PBXFileReference; lastKnownFileType = sourcecode.swift; path = PrivacyPolicyView.swift; sourceTree = "<group>"; };
		12B9086E285901180072CF52 /* SpaceGrotesk-Light.ttf */ = {isa = PBXFileReference; lastKnownFileType = file; path = "SpaceGrotesk-Light.ttf"; sourceTree = "<group>"; };
		12B9086F285901180072CF52 /* SpaceGrotesk-Medium.ttf */ = {isa = PBXFileReference; lastKnownFileType = file; path = "SpaceGrotesk-Medium.ttf"; sourceTree = "<group>"; };
		12B90870285901180072CF52 /* SpaceGrotesk-Regular.ttf */ = {isa = PBXFileReference; lastKnownFileType = file; path = "SpaceGrotesk-Regular.ttf"; sourceTree = "<group>"; };
		12B90871285901180072CF52 /* SpaceGrotesk-SemiBold.ttf */ = {isa = PBXFileReference; lastKnownFileType = file; path = "SpaceGrotesk-SemiBold.ttf"; sourceTree = "<group>"; };
		12B90872285901180072CF52 /* SpaceGrotesk-Bold.ttf */ = {isa = PBXFileReference; lastKnownFileType = file; path = "SpaceGrotesk-Bold.ttf"; sourceTree = "<group>"; };
		12B90879285903C60072CF52 /* MontserratAlternates-ExtraBoldItalic.ttf */ = {isa = PBXFileReference; lastKnownFileType = file; path = "MontserratAlternates-ExtraBoldItalic.ttf"; sourceTree = "<group>"; };
		12B9087A285903C60072CF52 /* MontserratAlternates-ExtraLight.ttf */ = {isa = PBXFileReference; lastKnownFileType = file; path = "MontserratAlternates-ExtraLight.ttf"; sourceTree = "<group>"; };
		12B9087B285903C60072CF52 /* MontserratAlternates-BlackItalic.ttf */ = {isa = PBXFileReference; lastKnownFileType = file; path = "MontserratAlternates-BlackItalic.ttf"; sourceTree = "<group>"; };
		12B9087C285903C60072CF52 /* MontserratAlternates-Bold.ttf */ = {isa = PBXFileReference; lastKnownFileType = file; path = "MontserratAlternates-Bold.ttf"; sourceTree = "<group>"; };
		12B9087D285903C60072CF52 /* MontserratAlternates-Black.ttf */ = {isa = PBXFileReference; lastKnownFileType = file; path = "MontserratAlternates-Black.ttf"; sourceTree = "<group>"; };
		12B9087E285903C60072CF52 /* MontserratAlternates-SemiBoldItalic.ttf */ = {isa = PBXFileReference; lastKnownFileType = file; path = "MontserratAlternates-SemiBoldItalic.ttf"; sourceTree = "<group>"; };
		12B9087F285903C70072CF52 /* MontserratAlternates-ThinItalic.ttf */ = {isa = PBXFileReference; lastKnownFileType = file; path = "MontserratAlternates-ThinItalic.ttf"; sourceTree = "<group>"; };
		12B90880285903C70072CF52 /* MontserratAlternates-Regular.ttf */ = {isa = PBXFileReference; lastKnownFileType = file; path = "MontserratAlternates-Regular.ttf"; sourceTree = "<group>"; };
		12B90881285903C70072CF52 /* MontserratAlternates-BoldItalic.ttf */ = {isa = PBXFileReference; lastKnownFileType = file; path = "MontserratAlternates-BoldItalic.ttf"; sourceTree = "<group>"; };
		12B90882285903C70072CF52 /* MontserratAlternates-Light.ttf */ = {isa = PBXFileReference; lastKnownFileType = file; path = "MontserratAlternates-Light.ttf"; sourceTree = "<group>"; };
		12B90883285903C70072CF52 /* MontserratAlternates-MediumItalic.ttf */ = {isa = PBXFileReference; lastKnownFileType = file; path = "MontserratAlternates-MediumItalic.ttf"; sourceTree = "<group>"; };
		12B90884285903C70072CF52 /* MontserratAlternates-SemiBold.ttf */ = {isa = PBXFileReference; lastKnownFileType = file; path = "MontserratAlternates-SemiBold.ttf"; sourceTree = "<group>"; };
		12B90885285903C70072CF52 /* MontserratAlternates-LightItalic.ttf */ = {isa = PBXFileReference; lastKnownFileType = file; path = "MontserratAlternates-LightItalic.ttf"; sourceTree = "<group>"; };
		12B90886285903C70072CF52 /* MontserratAlternates-Medium.ttf */ = {isa = PBXFileReference; lastKnownFileType = file; path = "MontserratAlternates-Medium.ttf"; sourceTree = "<group>"; };
		12B90887285903C70072CF52 /* MontserratAlternates-Thin.ttf */ = {isa = PBXFileReference; lastKnownFileType = file; path = "MontserratAlternates-Thin.ttf"; sourceTree = "<group>"; };
		12B90888285903C70072CF52 /* MontserratAlternates-ExtraLightItalic.ttf */ = {isa = PBXFileReference; lastKnownFileType = file; path = "MontserratAlternates-ExtraLightItalic.ttf"; sourceTree = "<group>"; };
		12B90889285903C70072CF52 /* MontserratAlternates-Italic.ttf */ = {isa = PBXFileReference; lastKnownFileType = file; path = "MontserratAlternates-Italic.ttf"; sourceTree = "<group>"; };
		12B9088A285903C70072CF52 /* MontserratAlternates-ExtraBold.ttf */ = {isa = PBXFileReference; lastKnownFileType = file; path = "MontserratAlternates-ExtraBold.ttf"; sourceTree = "<group>"; };
		12B9089D285905240072CF52 /* CustomFonts.swift */ = {isa = PBXFileReference; lastKnownFileType = sourcecode.swift; path = CustomFonts.swift; sourceTree = "<group>"; };
		12B908A028590ECB0072CF52 /* RobotoSlab-Regular.ttf */ = {isa = PBXFileReference; lastKnownFileType = file; path = "RobotoSlab-Regular.ttf"; sourceTree = "<group>"; };
		12B908A128590ECB0072CF52 /* RobotoSlab-Light.ttf */ = {isa = PBXFileReference; lastKnownFileType = file; path = "RobotoSlab-Light.ttf"; sourceTree = "<group>"; };
		12B908A228590ECB0072CF52 /* RobotoSlab-Medium.ttf */ = {isa = PBXFileReference; lastKnownFileType = file; path = "RobotoSlab-Medium.ttf"; sourceTree = "<group>"; };
		12B908A628590EEA0072CF52 /* RobotoSlab-Bold.ttf */ = {isa = PBXFileReference; lastKnownFileType = file; path = "RobotoSlab-Bold.ttf"; sourceTree = "<group>"; };
		12C1167227FFFD3500D6B8C0 /* MainScreenView.swift */ = {isa = PBXFileReference; lastKnownFileType = sourcecode.swift; path = MainScreenView.swift; sourceTree = "<group>"; };
		12C1167427FFFED600D6B8C0 /* BalanceInfoView.swift */ = {isa = PBXFileReference; lastKnownFileType = sourcecode.swift; path = BalanceInfoView.swift; sourceTree = "<group>"; };
		12C116772800018000D6B8C0 /* UILabel + Extensions.swift */ = {isa = PBXFileReference; lastKnownFileType = sourcecode.swift; path = "UILabel + Extensions.swift"; sourceTree = "<group>"; };
		12C1167A280019DD00D6B8C0 /* IncomeSpendingViewCell.swift */ = {isa = PBXFileReference; lastKnownFileType = sourcecode.swift; path = IncomeSpendingViewCell.swift; sourceTree = "<group>"; };
		12C1167D28002AE900D6B8C0 /* MainScreenVM.swift */ = {isa = PBXFileReference; lastKnownFileType = sourcecode.swift; path = MainScreenVM.swift; sourceTree = "<group>"; };
		12C116812800610C00D6B8C0 /* ProfileScreenVC.swift */ = {isa = PBXFileReference; lastKnownFileType = sourcecode.swift; path = ProfileScreenVC.swift; sourceTree = "<group>"; };
		12C116832800614A00D6B8C0 /* StatisticScreenVC.swift */ = {isa = PBXFileReference; lastKnownFileType = sourcecode.swift; path = StatisticScreenVC.swift; sourceTree = "<group>"; };
		12C116852800617700D6B8C0 /* SettingsScreenVC.swift */ = {isa = PBXFileReference; lastKnownFileType = sourcecode.swift; path = SettingsScreenVC.swift; sourceTree = "<group>"; };
		12C116882804286800D6B8C0 /* ProfileScreenView.swift */ = {isa = PBXFileReference; lastKnownFileType = sourcecode.swift; path = ProfileScreenView.swift; sourceTree = "<group>"; };
		12C1168A280439F500D6B8C0 /* ProfileScreenVM.swift */ = {isa = PBXFileReference; lastKnownFileType = sourcecode.swift; path = ProfileScreenVM.swift; sourceTree = "<group>"; };
		12C1169128043ABD00D6B8C0 /* ProfileModel.swift */ = {isa = PBXFileReference; lastKnownFileType = sourcecode.swift; path = ProfileModel.swift; sourceTree = "<group>"; };
		12C1169328043B0E00D6B8C0 /* Account.swift */ = {isa = PBXFileReference; lastKnownFileType = sourcecode.swift; path = Account.swift; sourceTree = "<group>"; };
		12C1169828056DE900D6B8C0 /* ImagePickerHandler.swift */ = {isa = PBXFileReference; lastKnownFileType = sourcecode.swift; path = ImagePickerHandler.swift; sourceTree = "<group>"; };
		12C1169B2805D53600D6B8C0 /* SettingsScreenView.swift */ = {isa = PBXFileReference; lastKnownFileType = sourcecode.swift; path = SettingsScreenView.swift; sourceTree = "<group>"; };
		12C1169D2805E01200D6B8C0 /* SettingsViewCell.swift */ = {isa = PBXFileReference; lastKnownFileType = sourcecode.swift; path = SettingsViewCell.swift; sourceTree = "<group>"; };
		12C1169F2806AC2600D6B8C0 /* MainTabController.swift */ = {isa = PBXFileReference; lastKnownFileType = sourcecode.swift; path = MainTabController.swift; sourceTree = "<group>"; };
		12C116A12806FC2C00D6B8C0 /* PopupHandler.swift */ = {isa = PBXFileReference; lastKnownFileType = sourcecode.swift; path = PopupHandler.swift; sourceTree = "<group>"; };
		12C116A42806FF2F00D6B8C0 /* ChoicePopup.swift */ = {isa = PBXFileReference; lastKnownFileType = sourcecode.swift; path = ChoicePopup.swift; sourceTree = "<group>"; };
		12C2D98A28707B620063A85F /* TransactionCategory.swift */ = {isa = PBXFileReference; lastKnownFileType = sourcecode.swift; path = TransactionCategory.swift; sourceTree = "<group>"; };
		12C2D99228707E120063A85F /* TransactionCategoryModel.swift */ = {isa = PBXFileReference; lastKnownFileType = sourcecode.swift; path = TransactionCategoryModel.swift; sourceTree = "<group>"; };
		12C2D99428707E270063A85F /* TransactionCategoryCDRepository.swift */ = {isa = PBXFileReference; lastKnownFileType = sourcecode.swift; path = TransactionCategoryCDRepository.swift; sourceTree = "<group>"; };
		12C2D996287080E80063A85F /* TransactionCategoryStorage.swift */ = {isa = PBXFileReference; lastKnownFileType = sourcecode.swift; path = TransactionCategoryStorage.swift; sourceTree = "<group>"; };
		12C2D9982870837A0063A85F /* TransactionCategoryInteractor.swift */ = {isa = PBXFileReference; lastKnownFileType = sourcecode.swift; path = TransactionCategoryInteractor.swift; sourceTree = "<group>"; };
		12C2D99A287086210063A85F /* Resetable.swift */ = {isa = PBXFileReference; lastKnownFileType = sourcecode.swift; path = Resetable.swift; sourceTree = "<group>"; };
		12C2D99D287088F30063A85F /* DIFactory.swift */ = {isa = PBXFileReference; lastKnownFileType = sourcecode.swift; path = DIFactory.swift; sourceTree = "<group>"; };
		12C2D99F287089800063A85F /* SJContainer.swift */ = {isa = PBXFileReference; lastKnownFileType = sourcecode.swift; path = SJContainer.swift; sourceTree = "<group>"; };
		12C2D9A1287089A10063A85F /* ContainerProtocol.swift */ = {isa = PBXFileReference; lastKnownFileType = sourcecode.swift; path = ContainerProtocol.swift; sourceTree = "<group>"; };
		12C2D9A52870BC950063A85F /* SJContainer + Interactors.swift */ = {isa = PBXFileReference; lastKnownFileType = sourcecode.swift; path = "SJContainer + Interactors.swift"; sourceTree = "<group>"; };
		12C2D9A72870BD2C0063A85F /* SJContainer + Storages.swift */ = {isa = PBXFileReference; lastKnownFileType = sourcecode.swift; path = "SJContainer + Storages.swift"; sourceTree = "<group>"; };
		12C2D9A92870BD7B0063A85F /* SJContainer + Repositories.swift */ = {isa = PBXFileReference; lastKnownFileType = sourcecode.swift; path = "SJContainer + Repositories.swift"; sourceTree = "<group>"; };
		12C2D9AF2870CEB20063A85F /* TransactionsListVM.swift */ = {isa = PBXFileReference; lastKnownFileType = sourcecode.swift; path = TransactionsListVM.swift; sourceTree = "<group>"; };
		12C2D9B12870ED900063A85F /* DefaultModelGenerator.swift */ = {isa = PBXFileReference; lastKnownFileType = sourcecode.swift; path = DefaultModelGenerator.swift; sourceTree = "<group>"; };
		12C5E73C285E65E60010895D /* AddTransactionScreenVC.swift */ = {isa = PBXFileReference; lastKnownFileType = sourcecode.swift; path = AddTransactionScreenVC.swift; sourceTree = "<group>"; };
		12C5E73F285E667F0010895D /* AddTransactionScreenView.swift */ = {isa = PBXFileReference; lastKnownFileType = sourcecode.swift; path = AddTransactionScreenView.swift; sourceTree = "<group>"; };
		12DAA531284FD1330093F9FD /* BalanceValidator.swift */ = {isa = PBXFileReference; lastKnownFileType = sourcecode.swift; path = BalanceValidator.swift; sourceTree = "<group>"; };
		12DAA533284FD27E0093F9FD /* BalanceValidationParams.swift */ = {isa = PBXFileReference; lastKnownFileType = sourcecode.swift; path = BalanceValidationParams.swift; sourceTree = "<group>"; };
		12DAA535284FEB7C0093F9FD /* Double + Extensions.swift */ = {isa = PBXFileReference; lastKnownFileType = sourcecode.swift; path = "Double + Extensions.swift"; sourceTree = "<group>"; };
		12DAA538284FF39F0093F9FD /* Currency.swift */ = {isa = PBXFileReference; fileEncoding = 4; lastKnownFileType = sourcecode.swift; path = Currency.swift; sourceTree = "<group>"; };
		12DAA53B284FF4670093F9FD /* CurrencyCDRepository.swift */ = {isa = PBXFileReference; lastKnownFileType = sourcecode.swift; path = CurrencyCDRepository.swift; sourceTree = "<group>"; };
		12DAA53D284FF4DE0093F9FD /* CurrencyModel.swift */ = {isa = PBXFileReference; lastKnownFileType = sourcecode.swift; path = CurrencyModel.swift; sourceTree = "<group>"; };
		12E3F951280EFF6A003CBF9F /* NotificationScreenVC.swift */ = {isa = PBXFileReference; lastKnownFileType = sourcecode.swift; path = NotificationScreenVC.swift; sourceTree = "<group>"; };
		12E3F953280EFF9B003CBF9F /* NotificationScreenView.swift */ = {isa = PBXFileReference; lastKnownFileType = sourcecode.swift; path = NotificationScreenView.swift; sourceTree = "<group>"; };
		12E3F955280F0CAE003CBF9F /* NotificationViewCell.swift */ = {isa = PBXFileReference; lastKnownFileType = sourcecode.swift; path = NotificationViewCell.swift; sourceTree = "<group>"; };
		12E3F957280F1C74003CBF9F /* States.swift */ = {isa = PBXFileReference; lastKnownFileType = sourcecode.swift; path = States.swift; sourceTree = "<group>"; };
		12E3F95928102B24003CBF9F /* CategoriesScreenVC.swift */ = {isa = PBXFileReference; lastKnownFileType = sourcecode.swift; path = CategoriesScreenVC.swift; sourceTree = "<group>"; };
		12E3F95B28102B7A003CBF9F /* CategoriesScreenView.swift */ = {isa = PBXFileReference; lastKnownFileType = sourcecode.swift; path = CategoriesScreenView.swift; sourceTree = "<group>"; };
		12E3F95F281035B7003CBF9F /* TitleViewCell.swift */ = {isa = PBXFileReference; lastKnownFileType = sourcecode.swift; path = TitleViewCell.swift; sourceTree = "<group>"; };
		12E3F962281057ED003CBF9F /* LeftAlignedCollectionViewFlowLayout.swift */ = {isa = PBXFileReference; lastKnownFileType = sourcecode.swift; path = LeftAlignedCollectionViewFlowLayout.swift; sourceTree = "<group>"; };
		12E3F96528109F36003CBF9F /* StatisticScreenView.swift */ = {isa = PBXFileReference; lastKnownFileType = sourcecode.swift; path = StatisticScreenView.swift; sourceTree = "<group>"; };
		12E4D9B8284B95C300CF6FC9 /* Balance.swift */ = {isa = PBXFileReference; fileEncoding = 4; lastKnownFileType = sourcecode.swift; path = Balance.swift; sourceTree = "<group>"; };
		12E4D9BB284B9F9200CF6FC9 /* BalanceCDRepository.swift */ = {isa = PBXFileReference; lastKnownFileType = sourcecode.swift; path = BalanceCDRepository.swift; sourceTree = "<group>"; };
		12E4D9BD284BA3C100CF6FC9 /* NSMappingModel.swift */ = {isa = PBXFileReference; lastKnownFileType = sourcecode.swift; path = NSMappingModel.swift; sourceTree = "<group>"; };
		12E4D9BF284BA44B00CF6FC9 /* BalanceModel.swift */ = {isa = PBXFileReference; lastKnownFileType = sourcecode.swift; path = BalanceModel.swift; sourceTree = "<group>"; };
		12E4D9C2284BAD9D00CF6FC9 /* StaticResources.swift */ = {isa = PBXFileReference; lastKnownFileType = sourcecode.swift; path = StaticResources.swift; sourceTree = "<group>"; };
		12E4D9C4284BB01900CF6FC9 /* BalanceVM.swift */ = {isa = PBXFileReference; lastKnownFileType = sourcecode.swift; path = BalanceVM.swift; sourceTree = "<group>"; };
		12F15505285E85B800F87D9B /* AddTransactionVM.swift */ = {isa = PBXFileReference; lastKnownFileType = sourcecode.swift; path = AddTransactionVM.swift; sourceTree = "<group>"; };
		12F15507285E91C400F87D9B /* String + Extensions.swift */ = {isa = PBXFileReference; lastKnownFileType = sourcecode.swift; path = "String + Extensions.swift"; sourceTree = "<group>"; };
		12F1D6DF27F60B4B0003B10C /* R.generated.swift */ = {isa = PBXFileReference; fileEncoding = 4; lastKnownFileType = sourcecode.swift; path = R.generated.swift; sourceTree = SOURCE_ROOT; };
		12F1D6E227F61A6C0003B10C /* WTextField.swift */ = {isa = PBXFileReference; lastKnownFileType = sourcecode.swift; path = WTextField.swift; sourceTree = "<group>"; };
		12F1D6E527F62B670003B10C /* StartBalanceVM.swift */ = {isa = PBXFileReference; lastKnownFileType = sourcecode.swift; path = StartBalanceVM.swift; sourceTree = "<group>"; };
		12F1D6E727F62EBE0003B10C /* WButton.swift */ = {isa = PBXFileReference; lastKnownFileType = sourcecode.swift; path = WButton.swift; sourceTree = "<group>"; };
		12FAEA77280ED8F9007450C7 /* privacy-policy.txt */ = {isa = PBXFileReference; fileEncoding = 4; lastKnownFileType = text; path = "privacy-policy.txt"; sourceTree = "<group>"; };
		12FAEA79280ED93D007450C7 /* ContentLoader.swift */ = {isa = PBXFileReference; lastKnownFileType = sourcecode.swift; path = ContentLoader.swift; sourceTree = "<group>"; };
		14F6F45C43FE1BBF5541CC8D /* Pods-Wallety.release.xcconfig */ = {isa = PBXFileReference; includeInIndex = 1; lastKnownFileType = text.xcconfig; name = "Pods-Wallety.release.xcconfig"; path = "Target Support Files/Pods-Wallety/Pods-Wallety.release.xcconfig"; sourceTree = "<group>"; };
		648DE7A7D9810EC5752A5772 /* Pods-Wallety.debug.xcconfig */ = {isa = PBXFileReference; includeInIndex = 1; lastKnownFileType = text.xcconfig; name = "Pods-Wallety.debug.xcconfig"; path = "Target Support Files/Pods-Wallety/Pods-Wallety.debug.xcconfig"; sourceTree = "<group>"; };
/* End PBXFileReference section */

/* Begin PBXFrameworksBuildPhase section */
		12482D7527F5F14E00D292CA /* Frameworks */ = {
			isa = PBXFrameworksBuildPhase;
			buildActionMask = 2147483647;
			files = (
				B8B8CDC8A9A6735023332E72 /* Pods_Wallety.framework in Frameworks */,
			);
			runOnlyForDeploymentPostprocessing = 0;
		};
/* End PBXFrameworksBuildPhase section */

/* Begin PBXGroup section */
		1208F3B3285E1449001908D8 /* InMemoryStorages */ = {
			isa = PBXGroup;
			children = (
				1208F3B4285E155A001908D8 /* BalanceStorage.swift */,
				1208F3B6285E1574001908D8 /* CurrencyStorage.swift */,
				1208F3B8285E158F001908D8 /* TransactionStorage.swift */,
				12C2D996287080E80063A85F /* TransactionCategoryStorage.swift */,
			);
			path = InMemoryStorages;
			sourceTree = "<group>";
		};
		1208F3BE285E2C08001908D8 /* Storages */ = {
			isa = PBXGroup;
			children = (
				1208F3BF285E2C25001908D8 /* StoragesProtocols.swift */,
			);
			path = Storages;
			sourceTree = "<group>";
		};
		121A4348283D608200C54D9A /* Settings */ = {
			isa = PBXGroup;
			children = (
				12B86DD2280C74C00036FDD3 /* AboutScreenVC.swift */,
				12B86DD6280C81D50036FDD3 /* PrivacyPolicyVC.swift */,
				12E3F95928102B24003CBF9F /* CategoriesScreenVC.swift */,
				12E3F951280EFF6A003CBF9F /* NotificationScreenVC.swift */,
			);
			path = Settings;
			sourceTree = "<group>";
		};
		121A4349283D60AC00C54D9A /* Launching */ = {
			isa = PBXGroup;
			children = (
				12482D9327F5F62200D292CA /* SplashScreenVC.swift */,
				12B86DC7280C1D090036FDD3 /* StartCurrencyScreenVC.swift */,
				12482D7F27F5F14E00D292CA /* StartBalanceScreenVC.swift */,
			);
			path = Launching;
			sourceTree = "<group>";
		};
		121A434A283D60EC00C54D9A /* Primary */ = {
			isa = PBXGroup;
			children = (
				1255FC4427F671C1002029DE /* MainScreenVC.swift */,
				12C116832800614A00D6B8C0 /* StatisticScreenVC.swift */,
				12C116812800610C00D6B8C0 /* ProfileScreenVC.swift */,
				12C116852800617700D6B8C0 /* SettingsScreenVC.swift */,
			);
			path = Primary;
			sourceTree = "<group>";
		};
		12482D6F27F5F14E00D292CA = {
			isa = PBXGroup;
			children = (
				12482D7A27F5F14E00D292CA /* Wallety */,
				12482D7927F5F14E00D292CA /* Products */,
				FE468A8521B53B26FB467AD1 /* Pods */,
				52EA8C17D992FD24102A554A /* Frameworks */,
			);
			sourceTree = "<group>";
		};
		12482D7927F5F14E00D292CA /* Products */ = {
			isa = PBXGroup;
			children = (
				12482D7827F5F14E00D292CA /* Wallety.app */,
			);
			name = Products;
			sourceTree = "<group>";
		};
		12482D7A27F5F14E00D292CA /* Wallety */ = {
			isa = PBXGroup;
			children = (
				12E4D9C1284BAD7D00CF6FC9 /* Application */,
				12482DA127F5FC6F00D292CA /* Resources */,
				12482D9E27F5FC3F00D292CA /* Domain */,
				12482D9B27F5FC1B00D292CA /* Data */,
				12482D9527F5FB9A00D292CA /* Presentation */,
				12482D8927F5F14F00D292CA /* LaunchScreen.storyboard */,
				12482D8C27F5F14F00D292CA /* Info.plist */,
				12482D8427F5F14E00D292CA /* Wallety.xcdatamodeld */,
			);
			path = Wallety;
			sourceTree = "<group>";
		};
		12482D9227F5F33300D292CA /* Delegates */ = {
			isa = PBXGroup;
			children = (
				12482D7B27F5F14E00D292CA /* AppDelegate.swift */,
				12482D7D27F5F14E00D292CA /* SceneDelegate.swift */,
			);
			path = Delegates;
			sourceTree = "<group>";
		};
		12482D9527F5FB9A00D292CA /* Presentation */ = {
			isa = PBXGroup;
			children = (
				12C2D99C287088BF0063A85F /* DI */,
				12B86DC4280C1A380036FDD3 /* Factories */,
				12C1169728056DD800D6B8C0 /* Handlers */,
				12C1169028043AA500D6B8C0 /* Models */,
				12C11679280019A700D6B8C0 /* ViewCells */,
				12C116762800016800D6B8C0 /* Extensions */,
				1255FC3C27F66A6F002029DE /* Enumerations */,
				1255FC3927F6681B002029DE /* Navigation */,
				12F1D6E427F62B4F0003B10C /* ViewModels */,
				12F1D6E127F61A3C0003B10C /* CustomControls */,
				12482D9727F5FBB900D292CA /* Views */,
				12482D9627F5FBB000D292CA /* VC */,
			);
			path = Presentation;
			sourceTree = "<group>";
		};
		12482D9627F5FBB000D292CA /* VC */ = {
			isa = PBXGroup;
			children = (
				12C5E73B285E65B00010895D /* Presenting */,
				121A434A283D60EC00C54D9A /* Primary */,
				121A4349283D60AC00C54D9A /* Launching */,
				121A4348283D608200C54D9A /* Settings */,
				12C1169F2806AC2600D6B8C0 /* MainTabController.swift */,
			);
			path = VC;
			sourceTree = "<group>";
		};
		12482D9727F5FBB900D292CA /* Views */ = {
			isa = PBXGroup;
			children = (
				12C5E73E285E665D0010895D /* Presenting */,
				125974952843F5E4001F1056 /* EmptyState */,
				12E3F96428109F0A003CBF9F /* Statistic */,
				12B86DC9280C1D290036FDD3 /* Launching */,
				12C116A32806FE3100D6B8C0 /* Popups */,
				12C1169A2805D50100D6B8C0 /* Settings */,
				12C116872804284800D6B8C0 /* Profile */,
				12C1167127FFFD1400D6B8C0 /* Main */,
			);
			path = Views;
			sourceTree = "<group>";
		};
		12482D9B27F5FC1B00D292CA /* Data */ = {
			isa = PBXGroup;
			children = (
				1208F3B3285E1449001908D8 /* InMemoryStorages */,
				1259748D284276DF001F1056 /* Remote */,
				1259748C284276D2001F1056 /* Local */,
			);
			path = Data;
			sourceTree = "<group>";
		};
		12482D9E27F5FC3F00D292CA /* Domain */ = {
			isa = PBXGroup;
			children = (
				12507DD528592AAC009C38DC /* Protocols */,
				12507DD428592A4F009C38DC /* Models */,
				12DAA52F284FD10A0093F9FD /* Validation */,
				12C1168D28043A4200D6B8C0 /* Entities */,
				12C1168C28043A3800D6B8C0 /* Interactors */,
			);
			path = Domain;
			sourceTree = "<group>";
		};
		12482DA127F5FC6F00D292CA /* Resources */ = {
			isa = PBXGroup;
			children = (
				12B9086C285900E40072CF52 /* Fonts */,
				12B4CAC7283EA49C00D775B2 /* Localization */,
				12FAEA77280ED8F9007450C7 /* privacy-policy.txt */,
				12F1D6DF27F60B4B0003B10C /* R.generated.swift */,
				12482D8727F5F14F00D292CA /* Assets.xcassets */,
				12482DA227F5FC9C00D292CA /* Images.xcassets */,
				12482DA427F5FCAF00D292CA /* Colors.xcassets */,
			);
			path = Resources;
			sourceTree = "<group>";
		};
		12507DC128591DD8009C38DC /* Roboto */ = {
			isa = PBXGroup;
			children = (
				12507DC828591F12009C38DC /* Roboto-Regular.ttf */,
				12507DC628591F06009C38DC /* Roboto-Medium.ttf */,
				12507DC428591EFC009C38DC /* Roboto-Light.ttf */,
				12507DC228591EBF009C38DC /* Roboto-Bold.ttf */,
			);
			path = Roboto;
			sourceTree = "<group>";
		};
		12507DCA285927C9009C38DC /* Transaction */ = {
			isa = PBXGroup;
			children = (
				12507DCB285927FC009C38DC /* Transaction.swift */,
			);
			path = Transaction;
			sourceTree = "<group>";
		};
		12507DCF285928BE009C38DC /* Transaction */ = {
			isa = PBXGroup;
			children = (
				12507DD0285928DC009C38DC /* TransactionCDRepository.swift */,
				12507DD228592987009C38DC /* TransactionModel.swift */,
			);
			path = Transaction;
			sourceTree = "<group>";
		};
		12507DD428592A4F009C38DC /* Models */ = {
			isa = PBXGroup;
			children = (
				12507DD628592AD2009C38DC /* TransactionType.swift */,
			);
			path = Models;
			sourceTree = "<group>";
		};
		12507DD528592AAC009C38DC /* Protocols */ = {
			isa = PBXGroup;
			children = (
				1208F3BE285E2C08001908D8 /* Storages */,
				12E4D9BD284BA3C100CF6FC9 /* NSMappingModel.swift */,
				12B468F0284B8F3D0023E2D2 /* CoreDataProtocol.swift */,
				1208F3BC285E2073001908D8 /* CoreDataMappable.swift */,
				12C2D99A287086210063A85F /* Resetable.swift */,
			);
			path = Protocols;
			sourceTree = "<group>";
		};
		1255FC3927F6681B002029DE /* Navigation */ = {
			isa = PBXGroup;
			children = (
				1255FC3F27F66E87002029DE /* Routing */,
				1255FC3A27F6683A002029DE /* Navigator.swift */,
				125DA0DB286D18710044BEA5 /* NavigationParams.swift */,
			);
			path = Navigation;
			sourceTree = "<group>";
		};
		1255FC3C27F66A6F002029DE /* Enumerations */ = {
			isa = PBXGroup;
			children = (
				1255FC3D27F66AF6002029DE /* Destination.swift */,
				12E3F957280F1C74003CBF9F /* States.swift */,
				1259748A28417986001F1056 /* Dates.swift */,
			);
			path = Enumerations;
			sourceTree = "<group>";
		};
		1255FC3F27F66E87002029DE /* Routing */ = {
			isa = PBXGroup;
			children = (
				1255FC4227F67102002029DE /* Router.swift */,
			);
			path = Routing;
			sourceTree = "<group>";
		};
		1259748C284276D2001F1056 /* Local */ = {
			isa = PBXGroup;
			children = (
				12B468EF284B8F1A0023E2D2 /* CoreData */,
				1259748E284276F3001F1056 /* UserDefaults */,
			);
			path = Local;
			sourceTree = "<group>";
		};
		1259748D284276DF001F1056 /* Remote */ = {
			isa = PBXGroup;
			children = (
				12B82E27284BF9BB00C54747 /* Rates */,
			);
			path = Remote;
			sourceTree = "<group>";
		};
		1259748E284276F3001F1056 /* UserDefaults */ = {
			isa = PBXGroup;
			children = (
				1259748F28427721001F1056 /* UserDefaultsService.swift */,
				1259749128427B8D001F1056 /* UserDefaultsKeys.swift */,
			);
			path = UserDefaults;
			sourceTree = "<group>";
		};
		125974952843F5E4001F1056 /* EmptyState */ = {
			isa = PBXGroup;
			children = (
				125974962843F61B001F1056 /* NoDataEmptyView.swift */,
			);
			path = EmptyState;
			sourceTree = "<group>";
		};
		12B468EF284B8F1A0023E2D2 /* CoreData */ = {
			isa = PBXGroup;
			children = (
				12C2D99128707DB10063A85F /* TransactionCategory */,
				12507DCF285928BE009C38DC /* Transaction */,
				12DAA53A284FF4450093F9FD /* Currency */,
				12E4D9BA284B9F4E00CF6FC9 /* Balance */,
				12C2D9B12870ED900063A85F /* DefaultModelGenerator.swift */,
			);
			path = CoreData;
			sourceTree = "<group>";
		};
		12B468F2284B94BA0023E2D2 /* Balance */ = {
			isa = PBXGroup;
			children = (
				12E4D9B8284B95C300CF6FC9 /* Balance.swift */,
			);
			path = Balance;
			sourceTree = "<group>";
		};
		12B4CAC7283EA49C00D775B2 /* Localization */ = {
			isa = PBXGroup;
			children = (
				12B4CACC283EA4F700D775B2 /* Localizable.strings */,
				12B4CAD1283EA53400D775B2 /* Localizable.strings */,
			);
			path = Localization;
			sourceTree = "<group>";
		};
		12B82E27284BF9BB00C54747 /* Rates */ = {
			isa = PBXGroup;
			children = (
				12482D9C27F5FC2F00D292CA /* RatesService.swift */,
				12B82E28284BF9DD00C54747 /* RatesRequestDTO.swift */,
				12B82E2A284C01D600C54747 /* RatesResponseDTO.swift */,
			);
			path = Rates;
			sourceTree = "<group>";
		};
		12B86DC4280C1A380036FDD3 /* Factories */ = {
			isa = PBXGroup;
			children = (
				1255FC4027F67013002029DE /* RouterFactory.swift */,
				12B86DC5280C1A940036FDD3 /* PopupFactory.swift */,
			);
			path = Factories;
			sourceTree = "<group>";
		};
		12B86DC9280C1D290036FDD3 /* Launching */ = {
			isa = PBXGroup;
			children = (
				12482D9927F5FBFE00D292CA /* StartBalanceView.swift */,
				1255FC4727F67AE0002029DE /* SplashScreenView.swift */,
				12B86DCA280C1D700036FDD3 /* StartCurrencyView.swift */,
			);
			path = Launching;
			sourceTree = "<group>";
		};
		12B9086C285900E40072CF52 /* Fonts */ = {
			isa = PBXGroup;
			children = (
				12507DC128591DD8009C38DC /* Roboto */,
				12B9089F28590E840072CF52 /* RobotoSlab */,
				12B908782859039C0072CF52 /* Montserrat */,
				12B9086D285900EA0072CF52 /* SpaceGrotesk */,
				12B9089D285905240072CF52 /* CustomFonts.swift */,
			);
			path = Fonts;
			sourceTree = "<group>";
		};
		12B9086D285900EA0072CF52 /* SpaceGrotesk */ = {
			isa = PBXGroup;
			children = (
				12B90872285901180072CF52 /* SpaceGrotesk-Bold.ttf */,
				12B9086E285901180072CF52 /* SpaceGrotesk-Light.ttf */,
				12B9086F285901180072CF52 /* SpaceGrotesk-Medium.ttf */,
				12B90870285901180072CF52 /* SpaceGrotesk-Regular.ttf */,
				12B90871285901180072CF52 /* SpaceGrotesk-SemiBold.ttf */,
			);
			path = SpaceGrotesk;
			sourceTree = "<group>";
		};
		12B908782859039C0072CF52 /* Montserrat */ = {
			isa = PBXGroup;
			children = (
				12B9087D285903C60072CF52 /* MontserratAlternates-Black.ttf */,
				12B9087B285903C60072CF52 /* MontserratAlternates-BlackItalic.ttf */,
				12B9087C285903C60072CF52 /* MontserratAlternates-Bold.ttf */,
				12B90881285903C70072CF52 /* MontserratAlternates-BoldItalic.ttf */,
				12B9088A285903C70072CF52 /* MontserratAlternates-ExtraBold.ttf */,
				12B90879285903C60072CF52 /* MontserratAlternates-ExtraBoldItalic.ttf */,
				12B9087A285903C60072CF52 /* MontserratAlternates-ExtraLight.ttf */,
				12B90888285903C70072CF52 /* MontserratAlternates-ExtraLightItalic.ttf */,
				12B90889285903C70072CF52 /* MontserratAlternates-Italic.ttf */,
				12B90882285903C70072CF52 /* MontserratAlternates-Light.ttf */,
				12B90885285903C70072CF52 /* MontserratAlternates-LightItalic.ttf */,
				12B90886285903C70072CF52 /* MontserratAlternates-Medium.ttf */,
				12B90883285903C70072CF52 /* MontserratAlternates-MediumItalic.ttf */,
				12B90880285903C70072CF52 /* MontserratAlternates-Regular.ttf */,
				12B90884285903C70072CF52 /* MontserratAlternates-SemiBold.ttf */,
				12B9087E285903C60072CF52 /* MontserratAlternates-SemiBoldItalic.ttf */,
				12B90887285903C70072CF52 /* MontserratAlternates-Thin.ttf */,
				12B9087F285903C70072CF52 /* MontserratAlternates-ThinItalic.ttf */,
			);
			path = Montserrat;
			sourceTree = "<group>";
		};
		12B9089F28590E840072CF52 /* RobotoSlab */ = {
			isa = PBXGroup;
			children = (
				12B908A628590EEA0072CF52 /* RobotoSlab-Bold.ttf */,
				12B908A128590ECB0072CF52 /* RobotoSlab-Light.ttf */,
				12B908A228590ECB0072CF52 /* RobotoSlab-Medium.ttf */,
				12B908A028590ECB0072CF52 /* RobotoSlab-Regular.ttf */,
			);
			path = RobotoSlab;
			sourceTree = "<group>";
		};
		12C1167127FFFD1400D6B8C0 /* Main */ = {
			isa = PBXGroup;
			children = (
				12C1167227FFFD3500D6B8C0 /* MainScreenView.swift */,
			);
			path = Main;
			sourceTree = "<group>";
		};
		12C116762800016800D6B8C0 /* Extensions */ = {
			isa = PBXGroup;
			children = (
				12C116772800018000D6B8C0 /* UILabel + Extensions.swift */,
				12DAA535284FEB7C0093F9FD /* Double + Extensions.swift */,
				1208F3C1285E516B001908D8 /* UIKit + Extensions.swift */,
				12F15507285E91C400F87D9B /* String + Extensions.swift */,
			);
			path = Extensions;
			sourceTree = "<group>";
		};
		12C11679280019A700D6B8C0 /* ViewCells */ = {
			isa = PBXGroup;
			children = (
				12E3F95E28103590003CBF9F /* Collection */,
				12E3F95D28103586003CBF9F /* Table */,
			);
			path = ViewCells;
			sourceTree = "<group>";
		};
		12C1167C28002A6C00D6B8C0 /* MainScreen */ = {
			isa = PBXGroup;
			children = (
				12C1167D28002AE900D6B8C0 /* MainScreenVM.swift */,
			);
			path = MainScreen;
			sourceTree = "<group>";
		};
		12C116872804284800D6B8C0 /* Profile */ = {
			isa = PBXGroup;
			children = (
				12C116882804286800D6B8C0 /* ProfileScreenView.swift */,
			);
			path = Profile;
			sourceTree = "<group>";
		};
		12C1168C28043A3800D6B8C0 /* Interactors */ = {
			isa = PBXGroup;
			children = (
				12482D9F27F5FC5500D292CA /* BalanceInteractor.swift */,
				1208F3AF285E128D001908D8 /* TransactionInteractor.swift */,
				1208F3B1285E12AC001908D8 /* CurrencyInteractor.swift */,
				1208F3BA285E1651001908D8 /* DataSyncInteractor.swift */,
				12C2D9982870837A0063A85F /* TransactionCategoryInteractor.swift */,
			);
			path = Interactors;
			sourceTree = "<group>";
		};
		12C1168D28043A4200D6B8C0 /* Entities */ = {
			isa = PBXGroup;
			children = (
				12C2D99028707C290063A85F /* TransactionCategory */,
				12507DCA285927C9009C38DC /* Transaction */,
				12DAA537284FF2870093F9FD /* Currency */,
				12B468F2284B94BA0023E2D2 /* Balance */,
			);
			path = Entities;
			sourceTree = "<group>";
		};
		12C1169028043AA500D6B8C0 /* Models */ = {
			isa = PBXGroup;
			children = (
				12C1169128043ABD00D6B8C0 /* ProfileModel.swift */,
				12C1169328043B0E00D6B8C0 /* Account.swift */,
				12B86DD0280C547D0036FDD3 /* SettingModel.swift */,
			);
			path = Models;
			sourceTree = "<group>";
		};
		12C1169728056DD800D6B8C0 /* Handlers */ = {
			isa = PBXGroup;
			children = (
				12C1169828056DE900D6B8C0 /* ImagePickerHandler.swift */,
				12C116A12806FC2C00D6B8C0 /* PopupHandler.swift */,
				12FAEA79280ED93D007450C7 /* ContentLoader.swift */,
				12B82E25284BE46300C54747 /* HapticHandler.swift */,
			);
			path = Handlers;
			sourceTree = "<group>";
		};
		12C1169A2805D50100D6B8C0 /* Settings */ = {
			isa = PBXGroup;
			children = (
				12C1169B2805D53600D6B8C0 /* SettingsScreenView.swift */,
				12B86DD4280C75320036FDD3 /* AboutScreenView.swift */,
				12B86DD8280C821D0036FDD3 /* PrivacyPolicyView.swift */,
				12E3F953280EFF9B003CBF9F /* NotificationScreenView.swift */,
				12E3F95B28102B7A003CBF9F /* CategoriesScreenView.swift */,
			);
			path = Settings;
			sourceTree = "<group>";
		};
		12C116A32806FE3100D6B8C0 /* Popups */ = {
			isa = PBXGroup;
			children = (
				12C116A42806FF2F00D6B8C0 /* ChoicePopup.swift */,
			);
			path = Popups;
			sourceTree = "<group>";
		};
		12C2D99028707C290063A85F /* TransactionCategory */ = {
			isa = PBXGroup;
			children = (
				12C2D98A28707B620063A85F /* TransactionCategory.swift */,
			);
			path = TransactionCategory;
			sourceTree = "<group>";
		};
		12C2D99128707DB10063A85F /* TransactionCategory */ = {
			isa = PBXGroup;
			children = (
				12C2D99228707E120063A85F /* TransactionCategoryModel.swift */,
				12C2D99428707E270063A85F /* TransactionCategoryCDRepository.swift */,
			);
			path = TransactionCategory;
			sourceTree = "<group>";
		};
		12C2D99C287088BF0063A85F /* DI */ = {
			isa = PBXGroup;
			children = (
				12C2D9A42870BC620063A85F /* Containers */,
				12C2D9A32870BC540063A85F /* Protocols */,
				12C2D99D287088F30063A85F /* DIFactory.swift */,
			);
			path = DI;
			sourceTree = "<group>";
		};
		12C2D9A32870BC540063A85F /* Protocols */ = {
			isa = PBXGroup;
			children = (
				12C2D9A1287089A10063A85F /* ContainerProtocol.swift */,
			);
			path = Protocols;
			sourceTree = "<group>";
		};
		12C2D9A42870BC620063A85F /* Containers */ = {
			isa = PBXGroup;
			children = (
				12C2D99F287089800063A85F /* SJContainer.swift */,
				12C2D9A52870BC950063A85F /* SJContainer + Interactors.swift */,
				12C2D9A72870BD2C0063A85F /* SJContainer + Storages.swift */,
				12C2D9A92870BD7B0063A85F /* SJContainer + Repositories.swift */,
			);
			path = Containers;
			sourceTree = "<group>";
		};
		12C5E73B285E65B00010895D /* Presenting */ = {
			isa = PBXGroup;
			children = (
				12C5E73C285E65E60010895D /* AddTransactionScreenVC.swift */,
			);
			path = Presenting;
			sourceTree = "<group>";
		};
		12C5E73E285E665D0010895D /* Presenting */ = {
			isa = PBXGroup;
			children = (
				12C5E73F285E667F0010895D /* AddTransactionScreenView.swift */,
			);
			path = Presenting;
			sourceTree = "<group>";
		};
		12DAA52F284FD10A0093F9FD /* Validation */ = {
			isa = PBXGroup;
			children = (
				12DAA530284FD1190093F9FD /* Balance */,
			);
			path = Validation;
			sourceTree = "<group>";
		};
		12DAA530284FD1190093F9FD /* Balance */ = {
			isa = PBXGroup;
			children = (
				12DAA531284FD1330093F9FD /* BalanceValidator.swift */,
				12DAA533284FD27E0093F9FD /* BalanceValidationParams.swift */,
			);
			path = Balance;
			sourceTree = "<group>";
		};
		12DAA537284FF2870093F9FD /* Currency */ = {
			isa = PBXGroup;
			children = (
				12DAA538284FF39F0093F9FD /* Currency.swift */,
			);
			path = Currency;
			sourceTree = "<group>";
		};
		12DAA53A284FF4450093F9FD /* Currency */ = {
			isa = PBXGroup;
			children = (
				12DAA53B284FF4670093F9FD /* CurrencyCDRepository.swift */,
				12DAA53D284FF4DE0093F9FD /* CurrencyModel.swift */,
			);
			path = Currency;
			sourceTree = "<group>";
		};
		12E3F95D28103586003CBF9F /* Table */ = {
			isa = PBXGroup;
			children = (
				12C1167A280019DD00D6B8C0 /* IncomeSpendingViewCell.swift */,
				12C1169D2805E01200D6B8C0 /* SettingsViewCell.swift */,
				12E3F955280F0CAE003CBF9F /* NotificationViewCell.swift */,
			);
			path = Table;
			sourceTree = "<group>";
		};
		12E3F95E28103590003CBF9F /* Collection */ = {
			isa = PBXGroup;
			children = (
				12E3F95F281035B7003CBF9F /* TitleViewCell.swift */,
			);
			path = Collection;
			sourceTree = "<group>";
		};
		12E3F961281057D8003CBF9F /* CollectionView */ = {
			isa = PBXGroup;
			children = (
				12E3F962281057ED003CBF9F /* LeftAlignedCollectionViewFlowLayout.swift */,
			);
			path = CollectionView;
			sourceTree = "<group>";
		};
		12E3F96428109F0A003CBF9F /* Statistic */ = {
			isa = PBXGroup;
			children = (
				12E3F96528109F36003CBF9F /* StatisticScreenView.swift */,
			);
			path = Statistic;
			sourceTree = "<group>";
		};
		12E4D9BA284B9F4E00CF6FC9 /* Balance */ = {
			isa = PBXGroup;
			children = (
				12E4D9BB284B9F9200CF6FC9 /* BalanceCDRepository.swift */,
				12E4D9BF284BA44B00CF6FC9 /* BalanceModel.swift */,
			);
			path = Balance;
			sourceTree = "<group>";
		};
		12E4D9C1284BAD7D00CF6FC9 /* Application */ = {
			isa = PBXGroup;
			children = (
				12482D9227F5F33300D292CA /* Delegates */,
				12E4D9C2284BAD9D00CF6FC9 /* StaticResources.swift */,
			);
			path = Application;
			sourceTree = "<group>";
		};
		12F1D6E127F61A3C0003B10C /* CustomControls */ = {
			isa = PBXGroup;
			children = (
				12E3F961281057D8003CBF9F /* CollectionView */,
				12F1D6E227F61A6C0003B10C /* WTextField.swift */,
				12F1D6E727F62EBE0003B10C /* WButton.swift */,
				12C1167427FFFED600D6B8C0 /* BalanceInfoView.swift */,
			);
			path = CustomControls;
			sourceTree = "<group>";
		};
		12F1D6E427F62B4F0003B10C /* ViewModels */ = {
			isa = PBXGroup;
			children = (
				12C1167C28002A6C00D6B8C0 /* MainScreen */,
				12F1D6E527F62B670003B10C /* StartBalanceVM.swift */,
				12C1168A280439F500D6B8C0 /* ProfileScreenVM.swift */,
				12B86DCC280C534E0036FDD3 /* SettingsScreenVM.swift */,
				12B86DCE280C53F40036FDD3 /* SettingVM.swift */,
				1259749328427C48001F1056 /* SplashScreenVM.swift */,
				1294BF7C284B8677004AFE0D /* StartCurrencyScreenVM.swift */,
				12E4D9C4284BB01900CF6FC9 /* BalanceVM.swift */,
				12F15505285E85B800F87D9B /* AddTransactionVM.swift */,
				12C2D9AF2870CEB20063A85F /* TransactionsListVM.swift */,
				127EDAE52870F104006ABE00 /* CategoriesScreenVM.swift */,
			);
			path = ViewModels;
			sourceTree = "<group>";
		};
		52EA8C17D992FD24102A554A /* Frameworks */ = {
			isa = PBXGroup;
			children = (
				04C81E6607564A6C96BA94D9 /* Pods_Wallety.framework */,
			);
			name = Frameworks;
			sourceTree = "<group>";
		};
		FE468A8521B53B26FB467AD1 /* Pods */ = {
			isa = PBXGroup;
			children = (
				648DE7A7D9810EC5752A5772 /* Pods-Wallety.debug.xcconfig */,
				14F6F45C43FE1BBF5541CC8D /* Pods-Wallety.release.xcconfig */,
			);
			path = Pods;
			sourceTree = "<group>";
		};
/* End PBXGroup section */

/* Begin PBXNativeTarget section */
		12482D7727F5F14E00D292CA /* Wallety */ = {
			isa = PBXNativeTarget;
			buildConfigurationList = 12482D8F27F5F14F00D292CA /* Build configuration list for PBXNativeTarget "Wallety" */;
			buildPhases = (
				BBBBB796F34F64C85F58AC5E /* [CP] Check Pods Manifest.lock */,
				12F1D6DE27F600220003B10C /* Run Script for R.Swift */,
				12482D7427F5F14E00D292CA /* Sources */,
				12482D7527F5F14E00D292CA /* Frameworks */,
				12482D7627F5F14E00D292CA /* Resources */,
				E1D99B944593D958F688A8F1 /* [CP] Embed Pods Frameworks */,
			);
			buildRules = (
			);
			dependencies = (
			);
			name = Wallety;
			productName = Wallety;
			productReference = 12482D7827F5F14E00D292CA /* Wallety.app */;
			productType = "com.apple.product-type.application";
		};
/* End PBXNativeTarget section */

/* Begin PBXProject section */
		12482D7027F5F14E00D292CA /* Project object */ = {
			isa = PBXProject;
			attributes = {
				BuildIndependentTargetsInParallel = 1;
				LastSwiftUpdateCheck = 1330;
				LastUpgradeCheck = 1330;
				TargetAttributes = {
					12482D7727F5F14E00D292CA = {
						CreatedOnToolsVersion = 13.3;
					};
				};
			};
			buildConfigurationList = 12482D7327F5F14E00D292CA /* Build configuration list for PBXProject "Wallety" */;
			compatibilityVersion = "Xcode 13.0";
			developmentRegion = en;
			hasScannedForEncodings = 0;
			knownRegions = (
				en,
				Base,
				ru,
			);
			mainGroup = 12482D6F27F5F14E00D292CA;
			productRefGroup = 12482D7927F5F14E00D292CA /* Products */;
			projectDirPath = "";
			projectRoot = "";
			targets = (
				12482D7727F5F14E00D292CA /* Wallety */,
			);
		};
/* End PBXProject section */

/* Begin PBXResourcesBuildPhase section */
		12482D7627F5F14E00D292CA /* Resources */ = {
			isa = PBXResourcesBuildPhase;
			buildActionMask = 2147483647;
			files = (
				12B908A528590ECB0072CF52 /* RobotoSlab-Medium.ttf in Resources */,
				12B90893285903C70072CF52 /* MontserratAlternates-BoldItalic.ttf in Resources */,
				12B908A728590EEA0072CF52 /* RobotoSlab-Bold.ttf in Resources */,
				12B90897285903C70072CF52 /* MontserratAlternates-LightItalic.ttf in Resources */,
				12B4CACF283EA53400D775B2 /* Localizable.strings in Resources */,
				12B90898285903C70072CF52 /* MontserratAlternates-Medium.ttf in Resources */,
				12FAEA78280ED8F9007450C7 /* privacy-policy.txt in Resources */,
				12507DC328591EBF009C38DC /* Roboto-Bold.ttf in Resources */,
				12B9089B285903C70072CF52 /* MontserratAlternates-Italic.ttf in Resources */,
				12B9088F285903C70072CF52 /* MontserratAlternates-Black.ttf in Resources */,
				12B90891285903C70072CF52 /* MontserratAlternates-ThinItalic.ttf in Resources */,
				12B90894285903C70072CF52 /* MontserratAlternates-Light.ttf in Resources */,
				12B90899285903C70072CF52 /* MontserratAlternates-Thin.ttf in Resources */,
				12B90895285903C70072CF52 /* MontserratAlternates-MediumItalic.ttf in Resources */,
				12B90874285901180072CF52 /* SpaceGrotesk-Medium.ttf in Resources */,
				12B908A428590ECB0072CF52 /* RobotoSlab-Light.ttf in Resources */,
				12B9088B285903C70072CF52 /* MontserratAlternates-ExtraBoldItalic.ttf in Resources */,
				12B90896285903C70072CF52 /* MontserratAlternates-SemiBold.ttf in Resources */,
				12B9089C285903C70072CF52 /* MontserratAlternates-ExtraBold.ttf in Resources */,
				12B9088C285903C70072CF52 /* MontserratAlternates-ExtraLight.ttf in Resources */,
				12B90873285901180072CF52 /* SpaceGrotesk-Light.ttf in Resources */,
				12B90875285901180072CF52 /* SpaceGrotesk-Regular.ttf in Resources */,
				12507DC728591F06009C38DC /* Roboto-Medium.ttf in Resources */,
				12B4CACA283EA4F700D775B2 /* Localizable.strings in Resources */,
				12B90877285901180072CF52 /* SpaceGrotesk-Bold.ttf in Resources */,
				12B9088E285903C70072CF52 /* MontserratAlternates-Bold.ttf in Resources */,
				12482DA327F5FC9C00D292CA /* Images.xcassets in Resources */,
				12507DC528591EFC009C38DC /* Roboto-Light.ttf in Resources */,
				12B9088D285903C70072CF52 /* MontserratAlternates-BlackItalic.ttf in Resources */,
				12B90890285903C70072CF52 /* MontserratAlternates-SemiBoldItalic.ttf in Resources */,
				12B9089A285903C70072CF52 /* MontserratAlternates-ExtraLightItalic.ttf in Resources */,
				12482DA527F5FCAF00D292CA /* Colors.xcassets in Resources */,
				12B908A328590ECB0072CF52 /* RobotoSlab-Regular.ttf in Resources */,
				12482D8B27F5F14F00D292CA /* LaunchScreen.storyboard in Resources */,
				12507DC928591F12009C38DC /* Roboto-Regular.ttf in Resources */,
				12482D8827F5F14F00D292CA /* Assets.xcassets in Resources */,
				12B90892285903C70072CF52 /* MontserratAlternates-Regular.ttf in Resources */,
				12B90876285901180072CF52 /* SpaceGrotesk-SemiBold.ttf in Resources */,
			);
			runOnlyForDeploymentPostprocessing = 0;
		};
/* End PBXResourcesBuildPhase section */

/* Begin PBXShellScriptBuildPhase section */
		12F1D6DE27F600220003B10C /* Run Script for R.Swift */ = {
			isa = PBXShellScriptBuildPhase;
			alwaysOutOfDate = 1;
			buildActionMask = 2147483647;
			files = (
			);
			inputFileListPaths = (
			);
			inputPaths = (
			);
			name = "Run Script for R.Swift";
			outputFileListPaths = (
			);
			outputPaths = (
				$SRCROOT/R.generated.swift,
			);
			runOnlyForDeploymentPostprocessing = 0;
			shellPath = /bin/sh;
			shellScript = "\"$PODS_ROOT/R.swift/rswift\" generate \"$SRCROOT/R.generated.swift\"\n";
		};
		BBBBB796F34F64C85F58AC5E /* [CP] Check Pods Manifest.lock */ = {
			isa = PBXShellScriptBuildPhase;
			buildActionMask = 2147483647;
			files = (
			);
			inputFileListPaths = (
			);
			inputPaths = (
				"${PODS_PODFILE_DIR_PATH}/Podfile.lock",
				"${PODS_ROOT}/Manifest.lock",
			);
			name = "[CP] Check Pods Manifest.lock";
			outputFileListPaths = (
			);
			outputPaths = (
				"$(DERIVED_FILE_DIR)/Pods-Wallety-checkManifestLockResult.txt",
			);
			runOnlyForDeploymentPostprocessing = 0;
			shellPath = /bin/sh;
			shellScript = "diff \"${PODS_PODFILE_DIR_PATH}/Podfile.lock\" \"${PODS_ROOT}/Manifest.lock\" > /dev/null\nif [ $? != 0 ] ; then\n    # print error to STDERR\n    echo \"error: The sandbox is not in sync with the Podfile.lock. Run 'pod install' or update your CocoaPods installation.\" >&2\n    exit 1\nfi\n# This output is used by Xcode 'outputs' to avoid re-running this script phase.\necho \"SUCCESS\" > \"${SCRIPT_OUTPUT_FILE_0}\"\n";
			showEnvVarsInLog = 0;
		};
		E1D99B944593D958F688A8F1 /* [CP] Embed Pods Frameworks */ = {
			isa = PBXShellScriptBuildPhase;
			buildActionMask = 2147483647;
			files = (
			);
			inputFileListPaths = (
				"${PODS_ROOT}/Target Support Files/Pods-Wallety/Pods-Wallety-frameworks-${CONFIGURATION}-input-files.xcfilelist",
			);
			name = "[CP] Embed Pods Frameworks";
			outputFileListPaths = (
				"${PODS_ROOT}/Target Support Files/Pods-Wallety/Pods-Wallety-frameworks-${CONFIGURATION}-output-files.xcfilelist",
			);
			runOnlyForDeploymentPostprocessing = 0;
			shellPath = /bin/sh;
			shellScript = "\"${PODS_ROOT}/Target Support Files/Pods-Wallety/Pods-Wallety-frameworks.sh\"\n";
			showEnvVarsInLog = 0;
		};
/* End PBXShellScriptBuildPhase section */

/* Begin PBXSourcesBuildPhase section */
		12482D7427F5F14E00D292CA /* Sources */ = {
			isa = PBXSourcesBuildPhase;
			buildActionMask = 2147483647;
			files = (
				12482D8027F5F14E00D292CA /* StartBalanceScreenVC.swift in Sources */,
				12B86DD5280C75320036FDD3 /* AboutScreenView.swift in Sources */,
				12C116A22806FC2C00D6B8C0 /* PopupHandler.swift in Sources */,
				12B86DD3280C74C00036FDD3 /* AboutScreenVC.swift in Sources */,
				12B82E2B284C01D600C54747 /* RatesResponseDTO.swift in Sources */,
				12E3F960281035B7003CBF9F /* TitleViewCell.swift in Sources */,
				12C1169E2805E01200D6B8C0 /* SettingsViewCell.swift in Sources */,
				12E3F95C28102B7A003CBF9F /* CategoriesScreenView.swift in Sources */,
				12C116862800617700D6B8C0 /* SettingsScreenVC.swift in Sources */,
				12C1167527FFFED600D6B8C0 /* BalanceInfoView.swift in Sources */,
				12507DCD285927FC009C38DC /* Transaction.swift in Sources */,
				12507DD728592AD2009C38DC /* TransactionType.swift in Sources */,
				12DAA53E284FF4DE0093F9FD /* CurrencyModel.swift in Sources */,
				12482D7C27F5F14E00D292CA /* AppDelegate.swift in Sources */,
				12C116A02806AC2600D6B8C0 /* MainTabController.swift in Sources */,
				12F15506285E85B800F87D9B /* AddTransactionVM.swift in Sources */,
				12E4D9BC284B9F9200CF6FC9 /* BalanceCDRepository.swift in Sources */,
				12E4D9B9284B95C300CF6FC9 /* Balance.swift in Sources */,
				12C1169C2805D53600D6B8C0 /* SettingsScreenView.swift in Sources */,
				12C2D98E28707B620063A85F /* TransactionCategory.swift in Sources */,
				12C1167B280019DD00D6B8C0 /* IncomeSpendingViewCell.swift in Sources */,
				12E4D9BE284BA3C100CF6FC9 /* NSMappingModel.swift in Sources */,
				12C5E73D285E65E60010895D /* AddTransactionScreenVC.swift in Sources */,
				12C116822800610C00D6B8C0 /* ProfileScreenVC.swift in Sources */,
				12C1167327FFFD3500D6B8C0 /* MainScreenView.swift in Sources */,
				12E4D9C5284BB01900CF6FC9 /* BalanceVM.swift in Sources */,
				12F1D6E027F60B4B0003B10C /* R.generated.swift in Sources */,
				12E3F963281057ED003CBF9F /* LeftAlignedCollectionViewFlowLayout.swift in Sources */,
				12DAA532284FD1330093F9FD /* BalanceValidator.swift in Sources */,
				12C116782800018000D6B8C0 /* UILabel + Extensions.swift in Sources */,
				1255FC3B27F6683A002029DE /* Navigator.swift in Sources */,
				12B86DD9280C821D0036FDD3 /* PrivacyPolicyView.swift in Sources */,
				12C2D9A0287089800063A85F /* SJContainer.swift in Sources */,
				1208F3B7285E1574001908D8 /* CurrencyStorage.swift in Sources */,
				1259749028427721001F1056 /* UserDefaultsService.swift in Sources */,
				12DAA536284FEB7C0093F9FD /* Double + Extensions.swift in Sources */,
				12B86DCF280C53F40036FDD3 /* SettingVM.swift in Sources */,
				12B9089E285905240072CF52 /* CustomFonts.swift in Sources */,
				12C2D9A82870BD2C0063A85F /* SJContainer + Storages.swift in Sources */,
				12C5E740285E667F0010895D /* AddTransactionScreenView.swift in Sources */,
				12482DA027F5FC5500D292CA /* BalanceInteractor.swift in Sources */,
				12B86DD7280C81D50036FDD3 /* PrivacyPolicyVC.swift in Sources */,
				12E3F954280EFF9B003CBF9F /* NotificationScreenView.swift in Sources */,
				12C116A52806FF2F00D6B8C0 /* ChoicePopup.swift in Sources */,
				12DAA53C284FF4670093F9FD /* CurrencyCDRepository.swift in Sources */,
				1255FC4127F67013002029DE /* RouterFactory.swift in Sources */,
				12C2D9B22870ED900063A85F /* DefaultModelGenerator.swift in Sources */,
				12C2D9A2287089A10063A85F /* ContainerProtocol.swift in Sources */,
				12B468F1284B8F3D0023E2D2 /* CoreDataProtocol.swift in Sources */,
				12C2D9992870837A0063A85F /* TransactionCategoryInteractor.swift in Sources */,
				12C1167E28002AE900D6B8C0 /* MainScreenVM.swift in Sources */,
				12C1168B280439F500D6B8C0 /* ProfileScreenVM.swift in Sources */,
				12E4D9C0284BA44B00CF6FC9 /* BalanceModel.swift in Sources */,
				1255FC4527F671C1002029DE /* MainScreenVC.swift in Sources */,
				12B86DC8280C1D090036FDD3 /* StartCurrencyScreenVC.swift in Sources */,
				12C2D9AA2870BD7B0063A85F /* SJContainer + Repositories.swift in Sources */,
				12482D8627F5F14E00D292CA /* Wallety.xcdatamodeld in Sources */,
				1255FC3E27F66AF6002029DE /* Destination.swift in Sources */,
				1255FC4327F67102002029DE /* Router.swift in Sources */,
				125974972843F61B001F1056 /* NoDataEmptyView.swift in Sources */,
				127EDAE62870F104006ABE00 /* CategoriesScreenVM.swift in Sources */,
				12C2D99328707E120063A85F /* TransactionCategoryModel.swift in Sources */,
				1208F3BD285E2073001908D8 /* CoreDataMappable.swift in Sources */,
				1208F3B9285E158F001908D8 /* TransactionStorage.swift in Sources */,
				12C2D99E287088F30063A85F /* DIFactory.swift in Sources */,
				12C1169228043ABD00D6B8C0 /* ProfileModel.swift in Sources */,
				12E3F956280F0CAE003CBF9F /* NotificationViewCell.swift in Sources */,
				12E3F958280F1C74003CBF9F /* States.swift in Sources */,
				12B86DC6280C1A940036FDD3 /* PopupFactory.swift in Sources */,
				12482D9427F5F62200D292CA /* SplashScreenVC.swift in Sources */,
				12C116892804286800D6B8C0 /* ProfileScreenView.swift in Sources */,
				12C1169428043B0E00D6B8C0 /* Account.swift in Sources */,
				12B82E29284BF9DD00C54747 /* RatesRequestDTO.swift in Sources */,
				1208F3BB285E1651001908D8 /* DataSyncInteractor.swift in Sources */,
				1208F3B5285E155A001908D8 /* BalanceStorage.swift in Sources */,
				12E3F95A28102B24003CBF9F /* CategoriesScreenVC.swift in Sources */,
				1259749228427B8D001F1056 /* UserDefaultsKeys.swift in Sources */,
				1255FC4827F67AE0002029DE /* SplashScreenView.swift in Sources */,
				12507DD328592987009C38DC /* TransactionModel.swift in Sources */,
				12482D9D27F5FC2F00D292CA /* RatesService.swift in Sources */,
				12F1D6E827F62EBE0003B10C /* WButton.swift in Sources */,
				125DA0DC286D18710044BEA5 /* NavigationParams.swift in Sources */,
				1208F3C0285E2C25001908D8 /* StoragesProtocols.swift in Sources */,
				1259749428427C48001F1056 /* SplashScreenVM.swift in Sources */,
				12B86DD1280C547D0036FDD3 /* SettingModel.swift in Sources */,
				12DAA539284FF39F0093F9FD /* Currency.swift in Sources */,
				12E3F96628109F36003CBF9F /* StatisticScreenView.swift in Sources */,
				12B86DCB280C1D700036FDD3 /* StartCurrencyView.swift in Sources */,
				1208F3B2285E12AC001908D8 /* CurrencyInteractor.swift in Sources */,
				1208F3B0285E128D001908D8 /* TransactionInteractor.swift in Sources */,
				12F1D6E327F61A6C0003B10C /* WTextField.swift in Sources */,
				12507DD1285928DC009C38DC /* TransactionCDRepository.swift in Sources */,
				12F1D6E627F62B670003B10C /* StartBalanceVM.swift in Sources */,
				1259748B28417986001F1056 /* Dates.swift in Sources */,
				12482D9A27F5FBFE00D292CA /* StartBalanceView.swift in Sources */,
				12DAA534284FD27E0093F9FD /* BalanceValidationParams.swift in Sources */,
				12C2D99B287086210063A85F /* Resetable.swift in Sources */,
				12E4D9C3284BAD9D00CF6FC9 /* StaticResources.swift in Sources */,
				12C116842800614A00D6B8C0 /* StatisticScreenVC.swift in Sources */,
				12C2D9A62870BC950063A85F /* SJContainer + Interactors.swift in Sources */,
				12482D7E27F5F14E00D292CA /* SceneDelegate.swift in Sources */,
				12FAEA7A280ED93D007450C7 /* ContentLoader.swift in Sources */,
				12F15508285E91C400F87D9B /* String + Extensions.swift in Sources */,
				12C1169928056DE900D6B8C0 /* ImagePickerHandler.swift in Sources */,
				12C2D99528707E270063A85F /* TransactionCategoryCDRepository.swift in Sources */,
				12B86DCD280C534E0036FDD3 /* SettingsScreenVM.swift in Sources */,
				12B82E26284BE46300C54747 /* HapticHandler.swift in Sources */,
				12E3F952280EFF6A003CBF9F /* NotificationScreenVC.swift in Sources */,
				1208F3C2285E516B001908D8 /* UIKit + Extensions.swift in Sources */,
				12C2D997287080E80063A85F /* TransactionCategoryStorage.swift in Sources */,
				1294BF7D284B8677004AFE0D /* StartCurrencyScreenVM.swift in Sources */,
				12C2D9B02870CEB20063A85F /* TransactionsListVM.swift in Sources */,
			);
			runOnlyForDeploymentPostprocessing = 0;
		};
/* End PBXSourcesBuildPhase section */

/* Begin PBXVariantGroup section */
		12482D8927F5F14F00D292CA /* LaunchScreen.storyboard */ = {
			isa = PBXVariantGroup;
			children = (
				12482D8A27F5F14F00D292CA /* Base */,
			);
			name = LaunchScreen.storyboard;
			sourceTree = "<group>";
		};
		12B4CACC283EA4F700D775B2 /* Localizable.strings */ = {
			isa = PBXVariantGroup;
			children = (
				12B4CACB283EA4F700D775B2 /* en */,
			);
			name = Localizable.strings;
			sourceTree = "<group>";
		};
		12B4CAD1283EA53400D775B2 /* Localizable.strings */ = {
			isa = PBXVariantGroup;
			children = (
				12B4CAD0283EA53400D775B2 /* ru */,
			);
			name = Localizable.strings;
			sourceTree = "<group>";
		};
/* End PBXVariantGroup section */

/* Begin XCBuildConfiguration section */
		12482D8D27F5F14F00D292CA /* Debug */ = {
			isa = XCBuildConfiguration;
			buildSettings = {
				ALWAYS_SEARCH_USER_PATHS = NO;
				CLANG_ANALYZER_LOCALIZABILITY_NONLOCALIZED = YES;
				CLANG_ANALYZER_NONNULL = YES;
				CLANG_ANALYZER_NUMBER_OBJECT_CONVERSION = YES_AGGRESSIVE;
				CLANG_CXX_LANGUAGE_STANDARD = "gnu++17";
				CLANG_ENABLE_MODULES = YES;
				CLANG_ENABLE_OBJC_ARC = YES;
				CLANG_ENABLE_OBJC_WEAK = YES;
				CLANG_WARN_BLOCK_CAPTURE_AUTORELEASING = YES;
				CLANG_WARN_BOOL_CONVERSION = YES;
				CLANG_WARN_COMMA = YES;
				CLANG_WARN_CONSTANT_CONVERSION = YES;
				CLANG_WARN_DEPRECATED_OBJC_IMPLEMENTATIONS = YES;
				CLANG_WARN_DIRECT_OBJC_ISA_USAGE = YES_ERROR;
				CLANG_WARN_DOCUMENTATION_COMMENTS = YES;
				CLANG_WARN_EMPTY_BODY = YES;
				CLANG_WARN_ENUM_CONVERSION = YES;
				CLANG_WARN_INFINITE_RECURSION = YES;
				CLANG_WARN_INT_CONVERSION = YES;
				CLANG_WARN_NON_LITERAL_NULL_CONVERSION = YES;
				CLANG_WARN_OBJC_IMPLICIT_RETAIN_SELF = YES;
				CLANG_WARN_OBJC_LITERAL_CONVERSION = YES;
				CLANG_WARN_OBJC_ROOT_CLASS = YES_ERROR;
				CLANG_WARN_QUOTED_INCLUDE_IN_FRAMEWORK_HEADER = YES;
				CLANG_WARN_RANGE_LOOP_ANALYSIS = YES;
				CLANG_WARN_STRICT_PROTOTYPES = YES;
				CLANG_WARN_SUSPICIOUS_MOVE = YES;
				CLANG_WARN_UNGUARDED_AVAILABILITY = YES_AGGRESSIVE;
				CLANG_WARN_UNREACHABLE_CODE = YES;
				CLANG_WARN__DUPLICATE_METHOD_MATCH = YES;
				COPY_PHASE_STRIP = NO;
				DEBUG_INFORMATION_FORMAT = dwarf;
				ENABLE_STRICT_OBJC_MSGSEND = YES;
				ENABLE_TESTABILITY = YES;
				EXCLUDED_ARCHS = "";
				GCC_C_LANGUAGE_STANDARD = gnu11;
				GCC_DYNAMIC_NO_PIC = NO;
				GCC_NO_COMMON_BLOCKS = YES;
				GCC_OPTIMIZATION_LEVEL = 0;
				GCC_PREPROCESSOR_DEFINITIONS = (
					"DEBUG=1",
					"$(inherited)",
				);
				GCC_WARN_64_TO_32_BIT_CONVERSION = YES;
				GCC_WARN_ABOUT_RETURN_TYPE = YES_ERROR;
				GCC_WARN_UNDECLARED_SELECTOR = YES;
				GCC_WARN_UNINITIALIZED_AUTOS = YES_AGGRESSIVE;
				GCC_WARN_UNUSED_FUNCTION = YES;
				GCC_WARN_UNUSED_VARIABLE = YES;
				IPHONEOS_DEPLOYMENT_TARGET = 15.4;
				MTL_ENABLE_DEBUG_INFO = INCLUDE_SOURCE;
				MTL_FAST_MATH = YES;
				ONLY_ACTIVE_ARCH = YES;
				SDKROOT = iphoneos;
				SWIFT_ACTIVE_COMPILATION_CONDITIONS = DEBUG;
				SWIFT_OPTIMIZATION_LEVEL = "-Onone";
			};
			name = Debug;
		};
		12482D8E27F5F14F00D292CA /* Release */ = {
			isa = XCBuildConfiguration;
			buildSettings = {
				ALWAYS_SEARCH_USER_PATHS = NO;
				CLANG_ANALYZER_LOCALIZABILITY_NONLOCALIZED = YES;
				CLANG_ANALYZER_NONNULL = YES;
				CLANG_ANALYZER_NUMBER_OBJECT_CONVERSION = YES_AGGRESSIVE;
				CLANG_CXX_LANGUAGE_STANDARD = "gnu++17";
				CLANG_ENABLE_MODULES = YES;
				CLANG_ENABLE_OBJC_ARC = YES;
				CLANG_ENABLE_OBJC_WEAK = YES;
				CLANG_WARN_BLOCK_CAPTURE_AUTORELEASING = YES;
				CLANG_WARN_BOOL_CONVERSION = YES;
				CLANG_WARN_COMMA = YES;
				CLANG_WARN_CONSTANT_CONVERSION = YES;
				CLANG_WARN_DEPRECATED_OBJC_IMPLEMENTATIONS = YES;
				CLANG_WARN_DIRECT_OBJC_ISA_USAGE = YES_ERROR;
				CLANG_WARN_DOCUMENTATION_COMMENTS = YES;
				CLANG_WARN_EMPTY_BODY = YES;
				CLANG_WARN_ENUM_CONVERSION = YES;
				CLANG_WARN_INFINITE_RECURSION = YES;
				CLANG_WARN_INT_CONVERSION = YES;
				CLANG_WARN_NON_LITERAL_NULL_CONVERSION = YES;
				CLANG_WARN_OBJC_IMPLICIT_RETAIN_SELF = YES;
				CLANG_WARN_OBJC_LITERAL_CONVERSION = YES;
				CLANG_WARN_OBJC_ROOT_CLASS = YES_ERROR;
				CLANG_WARN_QUOTED_INCLUDE_IN_FRAMEWORK_HEADER = YES;
				CLANG_WARN_RANGE_LOOP_ANALYSIS = YES;
				CLANG_WARN_STRICT_PROTOTYPES = YES;
				CLANG_WARN_SUSPICIOUS_MOVE = YES;
				CLANG_WARN_UNGUARDED_AVAILABILITY = YES_AGGRESSIVE;
				CLANG_WARN_UNREACHABLE_CODE = YES;
				CLANG_WARN__DUPLICATE_METHOD_MATCH = YES;
				COPY_PHASE_STRIP = NO;
				DEBUG_INFORMATION_FORMAT = "dwarf-with-dsym";
				ENABLE_NS_ASSERTIONS = NO;
				ENABLE_STRICT_OBJC_MSGSEND = YES;
				EXCLUDED_ARCHS = "";
				GCC_C_LANGUAGE_STANDARD = gnu11;
				GCC_NO_COMMON_BLOCKS = YES;
				GCC_WARN_64_TO_32_BIT_CONVERSION = YES;
				GCC_WARN_ABOUT_RETURN_TYPE = YES_ERROR;
				GCC_WARN_UNDECLARED_SELECTOR = YES;
				GCC_WARN_UNINITIALIZED_AUTOS = YES_AGGRESSIVE;
				GCC_WARN_UNUSED_FUNCTION = YES;
				GCC_WARN_UNUSED_VARIABLE = YES;
				IPHONEOS_DEPLOYMENT_TARGET = 15.4;
				MTL_ENABLE_DEBUG_INFO = NO;
				MTL_FAST_MATH = YES;
				SDKROOT = iphoneos;
				SWIFT_COMPILATION_MODE = wholemodule;
				SWIFT_OPTIMIZATION_LEVEL = "-O";
				VALIDATE_PRODUCT = YES;
			};
			name = Release;
		};
		12482D9027F5F14F00D292CA /* Debug */ = {
			isa = XCBuildConfiguration;
			baseConfigurationReference = 648DE7A7D9810EC5752A5772 /* Pods-Wallety.debug.xcconfig */;
			buildSettings = {
				ARCHS = "$(ARCHS_STANDARD)";
				ASSETCATALOG_COMPILER_APPICON_NAME = AppIcon;
				ASSETCATALOG_COMPILER_GLOBAL_ACCENT_COLOR_NAME = AccentColor;
				CODE_SIGN_STYLE = Automatic;
				CURRENT_PROJECT_VERSION = 1;
				DEVELOPMENT_TEAM = MAD58T25US;
				EXCLUDED_ARCHS = "";
				GENERATE_INFOPLIST_FILE = YES;
				INFOPLIST_FILE = Wallety/Info.plist;
				INFOPLIST_KEY_NSPhotoLibraryUsageDescription = "This app wants to use your photos";
				INFOPLIST_KEY_UIApplicationSupportsIndirectInputEvents = YES;
				INFOPLIST_KEY_UILaunchStoryboardName = LaunchScreen;
				INFOPLIST_KEY_UISupportedInterfaceOrientations = UIInterfaceOrientationPortrait;
				INFOPLIST_KEY_UISupportedInterfaceOrientations_iPad = "UIInterfaceOrientationPortrait UIInterfaceOrientationPortraitUpsideDown UIInterfaceOrientationLandscapeLeft UIInterfaceOrientationLandscapeRight";
				INFOPLIST_KEY_UISupportedInterfaceOrientations_iPhone = "UIInterfaceOrientationPortrait UIInterfaceOrientationLandscapeLeft UIInterfaceOrientationLandscapeRight";
				IPHONEOS_DEPLOYMENT_TARGET = 13.0;
				LD_RUNPATH_SEARCH_PATHS = (
					"$(inherited)",
					"@executable_path/Frameworks",
				);
				MARKETING_VERSION = 1.0;
				PRODUCT_BUNDLE_IDENTIFIER = com.anatoliyk.Wallety;
				PRODUCT_NAME = "$(TARGET_NAME)";
				SWIFT_EMIT_LOC_STRINGS = YES;
				SWIFT_VERSION = 5.0;
				TARGETED_DEVICE_FAMILY = "1,2";
			};
			name = Debug;
		};
		12482D9127F5F14F00D292CA /* Release */ = {
			isa = XCBuildConfiguration;
			baseConfigurationReference = 14F6F45C43FE1BBF5541CC8D /* Pods-Wallety.release.xcconfig */;
			buildSettings = {
				ARCHS = "$(ARCHS_STANDARD)";
				ASSETCATALOG_COMPILER_APPICON_NAME = AppIcon;
				ASSETCATALOG_COMPILER_GLOBAL_ACCENT_COLOR_NAME = AccentColor;
				CODE_SIGN_STYLE = Automatic;
				CURRENT_PROJECT_VERSION = 1;
				DEVELOPMENT_TEAM = MAD58T25US;
				EXCLUDED_ARCHS = "";
				GENERATE_INFOPLIST_FILE = YES;
				INFOPLIST_FILE = Wallety/Info.plist;
				INFOPLIST_KEY_NSPhotoLibraryUsageDescription = "This app wants to use your photos";
				INFOPLIST_KEY_UIApplicationSupportsIndirectInputEvents = YES;
				INFOPLIST_KEY_UILaunchStoryboardName = LaunchScreen;
				INFOPLIST_KEY_UISupportedInterfaceOrientations = UIInterfaceOrientationPortrait;
				INFOPLIST_KEY_UISupportedInterfaceOrientations_iPad = "UIInterfaceOrientationPortrait UIInterfaceOrientationPortraitUpsideDown UIInterfaceOrientationLandscapeLeft UIInterfaceOrientationLandscapeRight";
				INFOPLIST_KEY_UISupportedInterfaceOrientations_iPhone = "UIInterfaceOrientationPortrait UIInterfaceOrientationLandscapeLeft UIInterfaceOrientationLandscapeRight";
				IPHONEOS_DEPLOYMENT_TARGET = 13.0;
				LD_RUNPATH_SEARCH_PATHS = (
					"$(inherited)",
					"@executable_path/Frameworks",
				);
				MARKETING_VERSION = 1.0;
				PRODUCT_BUNDLE_IDENTIFIER = com.anatoliyk.Wallety;
				PRODUCT_NAME = "$(TARGET_NAME)";
				SWIFT_EMIT_LOC_STRINGS = YES;
				SWIFT_VERSION = 5.0;
				TARGETED_DEVICE_FAMILY = "1,2";
			};
			name = Release;
		};
/* End XCBuildConfiguration section */

/* Begin XCConfigurationList section */
		12482D7327F5F14E00D292CA /* Build configuration list for PBXProject "Wallety" */ = {
			isa = XCConfigurationList;
			buildConfigurations = (
				12482D8D27F5F14F00D292CA /* Debug */,
				12482D8E27F5F14F00D292CA /* Release */,
			);
			defaultConfigurationIsVisible = 0;
			defaultConfigurationName = Release;
		};
		12482D8F27F5F14F00D292CA /* Build configuration list for PBXNativeTarget "Wallety" */ = {
			isa = XCConfigurationList;
			buildConfigurations = (
				12482D9027F5F14F00D292CA /* Debug */,
				12482D9127F5F14F00D292CA /* Release */,
			);
			defaultConfigurationIsVisible = 0;
			defaultConfigurationName = Release;
		};
/* End XCConfigurationList section */

/* Begin XCVersionGroup section */
		12482D8427F5F14E00D292CA /* Wallety.xcdatamodeld */ = {
			isa = XCVersionGroup;
			children = (
				12482D8527F5F14E00D292CA /* Wallety.xcdatamodel */,
			);
			currentVersion = 12482D8527F5F14E00D292CA /* Wallety.xcdatamodel */;
			path = Wallety.xcdatamodeld;
			sourceTree = "<group>";
			versionGroupType = wrapper.xcdatamodel;
		};
/* End XCVersionGroup section */
	};
	rootObject = 12482D7027F5F14E00D292CA /* Project object */;
}
